<?xml version="1.0" encoding="utf-8"?>
<Project ToolsVersion="4.0" xmlns="http://schemas.microsoft.com/developer/msbuild/2003">
  <ItemGroup>
    <Filter Include="Source Files">
      <UniqueIdentifier>{4FC737F1-C7A5-4376-A066-2A32D752A2FF}</UniqueIdentifier>
      <Extensions>cpp;c;cc;cxx;def;odl;idl;hpj;bat;asm;asmx</Extensions>
    </Filter>
    <Filter Include="Header Files">
      <UniqueIdentifier>{93995380-89BD-4b04-88EB-625FBE52EBFB}</UniqueIdentifier>
      <Extensions>h;hh;hpp;hxx;hm;inl;inc;xsd</Extensions>
    </Filter>
    <Filter Include="Resource Files">
      <UniqueIdentifier>{67DA6AB6-F800-4c08-8B7A-83BB121AAD01}</UniqueIdentifier>
      <Extensions>rc;ico;cur;bmp;dlg;rc2;rct;bin;rgs;gif;jpg;jpeg;jpe;resx;tiff;tif;png;wav;mfcribbon-ms</Extensions>
    </Filter>
    <Filter Include="Header Files\Pool">
      <UniqueIdentifier>{e8754c04-bec4-47d3-bc83-0a024535af84}</UniqueIdentifier>
    </Filter>
    <Filter Include="Header Files\Testing">
      <UniqueIdentifier>{178dfda8-5898-42c7-8b54-55b281238bfd}</UniqueIdentifier>
    </Filter>
    <Filter Include="Source Files\Pool">
      <UniqueIdentifier>{d2d6bcb2-c645-4c63-8c8e-b068214e6c44}</UniqueIdentifier>
    </Filter>
    <Filter Include="Source Files\Testing">
      <UniqueIdentifier>{3292997b-d95b-4c58-90a1-918142dea887}</UniqueIdentifier>
    </Filter>
    <Filter Include="Header Files\Localization">
      <UniqueIdentifier>{dd8443a9-e9bc-4ef3-a70d-a46663447536}</UniqueIdentifier>
    </Filter>
    <Filter Include="Source Files\Localization">
      <UniqueIdentifier>{0943ef76-6bcf-4a8e-b5fe-75aa4f524eb1}</UniqueIdentifier>
    </Filter>
    <Filter Include="Header Files\Data Stream">
      <UniqueIdentifier>{8be02a22-7c28-43f6-aea3-5ade368f34c1}</UniqueIdentifier>
    </Filter>
    <Filter Include="Source Files\Data Stream">
      <UniqueIdentifier>{19e90b8b-80e7-4b0e-a25c-ffc931e0ed76}</UniqueIdentifier>
    </Filter>
    <Filter Include="Header Files\Event">
      <UniqueIdentifier>{15317caa-f5f8-4b47-bfa2-c0f1c57c1ada}</UniqueIdentifier>
    </Filter>
    <Filter Include="Source Files\Event">
      <UniqueIdentifier>{d79887db-3b21-44b8-83f8-37f7069893a0}</UniqueIdentifier>
    </Filter>
  </ItemGroup>
  <ItemGroup>
    <ClInclude Include="..\..\..\Code\Core\eEndian.h">
      <Filter>Header Files</Filter>
    </ClInclude>
    <ClInclude Include="..\..\..\Code\Core\Pool\CVectorPool.h">
      <Filter>Header Files\Pool</Filter>
    </ClInclude>
    <ClInclude Include="..\..\..\Code\Core\Testing\CDebugger.h">
      <Filter>Header Files\Testing</Filter>
    </ClInclude>
    <ClInclude Include="..\..\..\Code\Core\CManager.h">
      <Filter>Header Files</Filter>
    </ClInclude>
    <ClInclude Include="..\..\..\Code\Core\CSingleton.h">
      <Filter>Header Files</Filter>
    </ClInclude>
    <ClInclude Include="..\..\..\Code\Core\Localization\eLanguage.h">
      <Filter>Header Files\Localization</Filter>
    </ClInclude>
    <ClInclude Include="..\..\..\Code\Core\Localization\CLocalizationManager.h">
      <Filter>Header Files\Localization</Filter>
    </ClInclude>
    <ClInclude Include="..\..\..\Code\Core\CFormat.h">
      <Filter>Header Files</Filter>
    </ClInclude>
    <ClInclude Include="..\..\..\Code\Core\eExceptionCode.h">
      <Filter>Header Files</Filter>
    </ClInclude>
    <ClInclude Include="..\..\..\Code\Core\CFormatManager.h">
      <Filter>Header Files</Filter>
    </ClInclude>
    <ClInclude Include="..\..\..\Code\Core\eDataType.h">
      <Filter>Header Files</Filter>
    </ClInclude>
    <ClInclude Include="..\..\..\Code\Core\CDataType.h">
      <Filter>Header Files</Filter>
    </ClInclude>
    <ClInclude Include="..\..\..\Code\Core\Data Stream\CDataStream.h">
      <Filter>Header Files\Data Stream</Filter>
    </ClInclude>
    <ClInclude Include="..\..\..\Code\Core\Data Stream\CDataWriter.h">
      <Filter>Header Files\Data Stream</Filter>
    </ClInclude>
    <ClInclude Include="..\..\..\Code\Core\Data Stream\CDataReader.h">
      <Filter>Header Files\Data Stream</Filter>
    </ClInclude>
    <ClInclude Include="..\..\..\Code\Core\Data Stream\eDataStreamType.h">
      <Filter>Header Files\Data Stream</Filter>
    </ClInclude>
    <ClInclude Include="..\..\..\Code\Core\CTiming.h">
      <Filter>Header Files</Filter>
    </ClInclude>
    <ClInclude Include="..\..\..\Code\Core\Localization\CLocalizationFormat.h">
      <Filter>Header Files\Localization</Filter>
    </ClInclude>
    <ClInclude Include="..\..\..\Code\Core\Event\CEventManager.h">
      <Filter>Header Files\Event</Filter>
    </ClInclude>
    <ClInclude Include="..\..\..\Code\Core\Event\CEventBoundFunction.h">
      <Filter>Header Files\Event</Filter>
    </ClInclude>
    <ClInclude Include="..\..\..\Code\Core\Event\eEventType.h">
      <Filter>Header Files\Event</Filter>
    </ClInclude>
    <ClInclude Include="..\..\..\Code\Core\Event\eEventFunctionType.h">
      <Filter>Header Files\Event</Filter>
    </ClInclude>
    <ClInclude Include="..\..\..\Code\Core\Event\eEvent.h">
      <Filter>Header Files\Event</Filter>
    </ClInclude>
    <ClInclude Include="..\..\..\Code\Core\Event\CEventType.h">
      <Filter>Header Files\Event</Filter>
    </ClInclude>
    <ClInclude Include="..\..\..\Code\Core\Event\CEventBinder.h">
      <Filter>Header Files\Event</Filter>
    </ClInclude>
    <ClInclude Include="..\..\..\Code\Core\Pool\CMultipleTypeValuesUMapContainer.h">
      <Filter>Header Files\Pool</Filter>
    </ClInclude>
    <ClInclude Include="..\..\..\Code\Core\Pool\CUMapContainer.h">
      <Filter>Header Files\Pool</Filter>
    </ClInclude>
    <ClInclude Include="..\..\..\Code\Core\Event\CInputEventCallbacks.h">
      <Filter>Header Files\Event</Filter>
    </ClInclude>
  </ItemGroup>
  <ItemGroup>
    <ClCompile Include="..\..\..\Code\Core\Pool\CVectorPool.cpp">
      <Filter>Source Files\Pool</Filter>
    </ClCompile>
    <ClCompile Include="..\..\..\Code\Core\Testing\CDebugger.cpp">
      <Filter>Source Files\Testing</Filter>
    </ClCompile>
    <ClCompile Include="..\..\..\Code\Core\Localization\CLocalizationManager.cpp">
      <Filter>Source Files\Localization</Filter>
    </ClCompile>
    <ClCompile Include="..\..\..\Code\Core\CFormat.cpp">
      <Filter>Source Files</Filter>
    </ClCompile>
    <ClCompile Include="..\..\..\Code\Core\CFormatManager.cpp">
      <Filter>Source Files</Filter>
    </ClCompile>
    <ClCompile Include="..\..\..\Code\Core\CDataType.cpp">
      <Filter>Source Files</Filter>
    </ClCompile>
    <ClCompile Include="..\..\..\Code\Core\Data Stream\CDataStream.cpp">
      <Filter>Source Files\Data Stream</Filter>
    </ClCompile>
    <ClCompile Include="..\..\..\Code\Core\Data Stream\CDataWriter.cpp">
      <Filter>Source Files\Data Stream</Filter>
    </ClCompile>
    <ClCompile Include="..\..\..\Code\Core\Data Stream\CDataReader.cpp">
      <Filter>Source Files\Data Stream</Filter>
    </ClCompile>
    <ClCompile Include="..\..\..\Code\Core\CTiming.cpp">
      <Filter>Source Files</Filter>
    </ClCompile>
    <ClCompile Include="..\..\..\Code\Core\Localization\CLocalizationFormat.cpp">
      <Filter>Source Files\Localization</Filter>
    </ClCompile>
    <ClCompile Include="..\..\..\Code\Core\Event\CEventManager.cpp">
      <Filter>Source Files\Event</Filter>
    </ClCompile>
    <ClCompile Include="..\..\..\Code\Core\Event\CEventBoundFunction.cpp">
      <Filter>Source Files\Event</Filter>
    </ClCompile>
    <ClCompile Include="..\..\..\Code\Core\Event\CEventType.cpp">
      <Filter>Source Files\Event</Filter>
    </ClCompile>
    <ClCompile Include="..\..\..\Code\Core\Event\CEventBinder.cpp">
      <Filter>Source Files\Event</Filter>
    </ClCompile>
    <ClCompile Include="..\..\..\Code\Core\Pool\CMultipleTypeValuesUMapContainer.cpp">
      <Filter>Source Files\Pool</Filter>
    </ClCompile>
    <ClCompile Include="..\..\..\Code\Core\Pool\CUMapContainer.cpp">
      <Filter>Source Files\Pool</Filter>
    </ClCompile>
  </ItemGroup>
</Project>