
Microsoft Visual Studio Solution File, Format Version 12.00
# Visual Studio Express 2013 for Windows Desktop
VisualStudioVersion = 12.0.40629.0
MinimumVisualStudioVersion = 10.0.40219.1
Project("{8BC9CEB8-8B4A-11D0-8D11-00A0C91BC942}") = "BuildNumber", "..\..\Projects\Third Party\BuildNumber.vcxproj", "{6FBD84F0-8530-44AD-A2E6-AFFC9A23EF67}"
EndProject
Project("{8BC9CEB8-8B4A-11D0-8D11-00A0C91BC942}") = "DirectXTex", "..\..\Projects\Third Party\DirectXTex.vcxproj", "{F2E73F55-B010-4525-A7CC-08917739C924}"
EndProject
Project("{8BC9CEB8-8B4A-11D0-8D11-00A0C91BC942}") = "Freeglut", "..\..\Projects\Third Party\Freeglut.vcxproj", "{E0F08EB2-F8B5-457D-80AB-B62F46468F2B}"
EndProject
Project("{8BC9CEB8-8B4A-11D0-8D11-00A0C91BC942}") = "freetype-gl", "..\..\Projects\Third Party\freetype-gl.vcxproj", "{970B2BFA-CA85-4E4D-A5C4-617426CFAA3C}"
	ProjectSection(ProjectDependencies) = postProject
		{F824E02A-5CE9-4BDE-A53A-707680F03652} = {F824E02A-5CE9-4BDE-A53A-707680F03652}
		{A9A7398D-4745-44F2-8D39-872A639E9CFA} = {A9A7398D-4745-44F2-8D39-872A639E9CFA}
		{E95939BF-79B1-4B30-BE19-A4C7905F8F50} = {E95939BF-79B1-4B30-BE19-A4C7905F8F50}
	EndProjectSection
EndProject
Project("{2150E333-8FDC-42A3-9474-1A3956D46DE8}") = "Third Party", "Third Party", "{7C208264-DFEC-4D14-8446-937D1ADB4B2B}"
EndProject
Project("{8BC9CEB8-8B4A-11D0-8D11-00A0C91BC942}") = "GLEW", "..\..\Projects\Third Party\GLEW.vcxproj", "{E95939BF-79B1-4B30-BE19-A4C7905F8F50}"
EndProject
Project("{8BC9CEB8-8B4A-11D0-8D11-00A0C91BC942}") = "GLFW", "..\..\Projects\Third Party\GLFW.vcxproj", "{F824E02A-5CE9-4BDE-A53A-707680F03652}"
EndProject
Project("{8BC9CEB8-8B4A-11D0-8D11-00A0C91BC942}") = "GLM", "..\..\Projects\Third Party\GLM.vcxproj", "{EF59A178-E50F-4901-860E-08D6B54FE49C}"
EndProject
Project("{8BC9CEB8-8B4A-11D0-8D11-00A0C91BC942}") = "HappyHTTP", "..\..\Projects\Third Party\HappyHTTP.vcxproj", "{0715D775-9B45-4261-9B4A-EF3CA6EBCF2D}"
EndProject
Project("{8BC9CEB8-8B4A-11D0-8D11-00A0C91BC942}") = "INI", "..\..\Projects\Third Party\INI.vcxproj", "{24ED0340-F0FB-49AC-875E-2E3DD4442B2B}"
EndProject
Project("{8BC9CEB8-8B4A-11D0-8D11-00A0C91BC942}") = "LZ4 Compression", "..\..\Projects\Third Party\LZ4 Compression.vcxproj", "{864973DF-DE30-4C55-99FE-5C36366844E5}"
EndProject
Project("{8BC9CEB8-8B4A-11D0-8D11-00A0C91BC942}") = "LZO Compression", "..\..\Projects\Third Party\LZO Compression.vcxproj", "{C0B891DD-555F-4D17-B062-ADB2BCFE659D}"
EndProject
Project("{8BC9CEB8-8B4A-11D0-8D11-00A0C91BC942}") = "Rijndael", "..\..\Projects\Third Party\Rijndael.vcxproj", "{FB6B47AB-FD43-4D0A-860F-88E329E2C56E}"
EndProject
Project("{8BC9CEB8-8B4A-11D0-8D11-00A0C91BC942}") = "Squish", "..\..\Projects\Third Party\Squish.vcxproj", "{0070960D-E276-4641-8584-8E92BBDDE9B6}"
EndProject
Project("{8BC9CEB8-8B4A-11D0-8D11-00A0C91BC942}") = "ZLib", "..\..\Projects\Third Party\ZLib.vcxproj", "{826921C2-5BBA-4366-B0AF-DB4847BAE246}"
EndProject
Project("{8BC9CEB8-8B4A-11D0-8D11-00A0C91BC942}") = "Rockstar Games", "..\..\Projects\Rockstar Games\Rockstar Games.vcxproj", "{8AE8BC2A-1331-4DAD-BBF3-323845F7E0DF}"
	ProjectSection(ProjectDependencies) = postProject
		{0070960D-E276-4641-8584-8E92BBDDE9B6} = {0070960D-E276-4641-8584-8E92BBDDE9B6}
		{3C3CB053-ACDC-4480-95F4-7A291F133D8E} = {3C3CB053-ACDC-4480-95F4-7A291F133D8E}
		{0F510F71-3B71-4775-A1F0-B52DC8EA82BA} = {0F510F71-3B71-4775-A1F0-B52DC8EA82BA}
		{3F64E1A8-8228-4C62-ABB3-AF187659B914} = {3F64E1A8-8228-4C62-ABB3-AF187659B914}
		{FB6B47AB-FD43-4D0A-860F-88E329E2C56E} = {FB6B47AB-FD43-4D0A-860F-88E329E2C56E}
		{B550EEFF-E81C-4BAF-81B5-8A50A9E452BE} = {B550EEFF-E81C-4BAF-81B5-8A50A9E452BE}
	EndProjectSection
EndProject
Project("{8BC9CEB8-8B4A-11D0-8D11-00A0C91BC942}") = "Utility", "..\..\Projects\Utility\Utility.vcxproj", "{3C3CB053-ACDC-4480-95F4-7A291F133D8E}"
	ProjectSection(ProjectDependencies) = postProject
		{0070960D-E276-4641-8584-8E92BBDDE9B6} = {0070960D-E276-4641-8584-8E92BBDDE9B6}
		{1FD8C83A-BE65-4AA6-B184-A388DBA7FDF9} = {1FD8C83A-BE65-4AA6-B184-A388DBA7FDF9}
		{24ED0340-F0FB-49AC-875E-2E3DD4442B2B} = {24ED0340-F0FB-49AC-875E-2E3DD4442B2B}
		{826921C2-5BBA-4366-B0AF-DB4847BAE246} = {826921C2-5BBA-4366-B0AF-DB4847BAE246}
		{C0B891DD-555F-4D17-B062-ADB2BCFE659D} = {C0B891DD-555F-4D17-B062-ADB2BCFE659D}
		{864973DF-DE30-4C55-99FE-5C36366844E5} = {864973DF-DE30-4C55-99FE-5C36366844E5}
		{B550EEFF-E81C-4BAF-81B5-8A50A9E452BE} = {B550EEFF-E81C-4BAF-81B5-8A50A9E452BE}
	EndProjectSection
EndProject
Project("{8BC9CEB8-8B4A-11D0-8D11-00A0C91BC942}") = "Freetype", "..\..\Projects\Third Party\Freetype.vcxproj", "{A9A7398D-4745-44F2-8D39-872A639E9CFA}"
EndProject
Project("{8BC9CEB8-8B4A-11D0-8D11-00A0C91BC942}") = "Ultra Core", "..\..\Projects\Ultra Core\Ultra Core.vcxproj", "{B550EEFF-E81C-4BAF-81B5-8A50A9E452BE}"
EndProject
Project("{8BC9CEB8-8B4A-11D0-8D11-00A0C91BC942}") = "Core", "..\..\Projects\Core\Core.vcxproj", "{0F510F71-3B71-4775-A1F0-B52DC8EA82BA}"
	ProjectSection(ProjectDependencies) = postProject
		{3C3CB053-ACDC-4480-95F4-7A291F133D8E} = {3C3CB053-ACDC-4480-95F4-7A291F133D8E}
		{B550EEFF-E81C-4BAF-81B5-8A50A9E452BE} = {B550EEFF-E81C-4BAF-81B5-8A50A9E452BE}
	EndProjectSection
EndProject
Project("{8BC9CEB8-8B4A-11D0-8D11-00A0C91BC942}") = "General", "..\..\Projects\General\General.vcxproj", "{3F64E1A8-8228-4C62-ABB3-AF187659B914}"
	ProjectSection(ProjectDependencies) = postProject
		{3C3CB053-ACDC-4480-95F4-7A291F133D8E} = {3C3CB053-ACDC-4480-95F4-7A291F133D8E}
		{0F510F71-3B71-4775-A1F0-B52DC8EA82BA} = {0F510F71-3B71-4775-A1F0-B52DC8EA82BA}
		{8B55A172-F104-45E1-BD7C-DCFA87EA5594} = {8B55A172-F104-45E1-BD7C-DCFA87EA5594}
		{B550EEFF-E81C-4BAF-81B5-8A50A9E452BE} = {B550EEFF-E81C-4BAF-81B5-8A50A9E452BE}
	EndProjectSection
EndProject
Project("{8BC9CEB8-8B4A-11D0-8D11-00A0C91BC942}") = "KGM", "..\..\Projects\KGM\KGM.vcxproj", "{8685C4C3-46F7-439E-A520-9A3210A8C643}"
	ProjectSection(ProjectDependencies) = postProject
		{8AE8BC2A-1331-4DAD-BBF3-323845F7E0DF} = {8AE8BC2A-1331-4DAD-BBF3-323845F7E0DF}
		{F824E02A-5CE9-4BDE-A53A-707680F03652} = {F824E02A-5CE9-4BDE-A53A-707680F03652}
		{C37F5532-D14E-4860-841A-11D653E8C5D4} = {C37F5532-D14E-4860-841A-11D653E8C5D4}
		{3C3CB053-ACDC-4480-95F4-7A291F133D8E} = {3C3CB053-ACDC-4480-95F4-7A291F133D8E}
		{0F510F71-3B71-4775-A1F0-B52DC8EA82BA} = {0F510F71-3B71-4775-A1F0-B52DC8EA82BA}
		{0715D775-9B45-4261-9B4A-EF3CA6EBCF2D} = {0715D775-9B45-4261-9B4A-EF3CA6EBCF2D}
		{EF59A178-E50F-4901-860E-08D6B54FE49C} = {EF59A178-E50F-4901-860E-08D6B54FE49C}
		{A9A7398D-4745-44F2-8D39-872A639E9CFA} = {A9A7398D-4745-44F2-8D39-872A639E9CFA}
		{3F64E1A8-8228-4C62-ABB3-AF187659B914} = {3F64E1A8-8228-4C62-ABB3-AF187659B914}
		{E95939BF-79B1-4B30-BE19-A4C7905F8F50} = {E95939BF-79B1-4B30-BE19-A4C7905F8F50}
		{970B2BFA-CA85-4E4D-A5C4-617426CFAA3C} = {970B2BFA-CA85-4E4D-A5C4-617426CFAA3C}
		{B550EEFF-E81C-4BAF-81B5-8A50A9E452BE} = {B550EEFF-E81C-4BAF-81B5-8A50A9E452BE}
	EndProjectSection
EndProject
Project("{8BC9CEB8-8B4A-11D0-8D11-00A0C91BC942}") = "CRC", "..\..\Projects\Third Party\CRC.vcxproj", "{1FD8C83A-BE65-4AA6-B184-A388DBA7FDF9}"
EndProject
Project("{8BC9CEB8-8B4A-11D0-8D11-00A0C91BC942}") = "Bitmap", "..\..\Projects\Third Party\Bitmap.vcxproj", "{C37F5532-D14E-4860-841A-11D653E8C5D4}"
EndProject
Project("{8BC9CEB8-8B4A-11D0-8D11-00A0C91BC942}") = "STB", "..\..\Projects\Third Party\STB.vcxproj", "{8B55A172-F104-45E1-BD7C-DCFA87EA5594}"
EndProject
Global
	GlobalSection(SolutionConfigurationPlatforms) = preSolution
		Debug|Win32 = Debug|Win32
		Release|Win32 = Release|Win32
	EndGlobalSection
	GlobalSection(ProjectConfigurationPlatforms) = postSolution
		{6FBD84F0-8530-44AD-A2E6-AFFC9A23EF67}.Debug|Win32.ActiveCfg = Debug|Win32
		{6FBD84F0-8530-44AD-A2E6-AFFC9A23EF67}.Debug|Win32.Build.0 = Debug|Win32
		{6FBD84F0-8530-44AD-A2E6-AFFC9A23EF67}.Release|Win32.ActiveCfg = Release|Win32
		{6FBD84F0-8530-44AD-A2E6-AFFC9A23EF67}.Release|Win32.Build.0 = Release|Win32
		{F2E73F55-B010-4525-A7CC-08917739C924}.Debug|Win32.ActiveCfg = Debug|Win32
		{F2E73F55-B010-4525-A7CC-08917739C924}.Debug|Win32.Build.0 = Debug|Win32
		{F2E73F55-B010-4525-A7CC-08917739C924}.Release|Win32.ActiveCfg = Release|Win32
		{F2E73F55-B010-4525-A7CC-08917739C924}.Release|Win32.Build.0 = Release|Win32
		{E0F08EB2-F8B5-457D-80AB-B62F46468F2B}.Debug|Win32.ActiveCfg = Debug|Win32
		{E0F08EB2-F8B5-457D-80AB-B62F46468F2B}.Debug|Win32.Build.0 = Debug|Win32
		{E0F08EB2-F8B5-457D-80AB-B62F46468F2B}.Release|Win32.ActiveCfg = Release|Win32
		{E0F08EB2-F8B5-457D-80AB-B62F46468F2B}.Release|Win32.Build.0 = Release|Win32
		{970B2BFA-CA85-4E4D-A5C4-617426CFAA3C}.Debug|Win32.ActiveCfg = Debug|Win32
		{970B2BFA-CA85-4E4D-A5C4-617426CFAA3C}.Debug|Win32.Build.0 = Debug|Win32
		{970B2BFA-CA85-4E4D-A5C4-617426CFAA3C}.Release|Win32.ActiveCfg = Release|Win32
		{970B2BFA-CA85-4E4D-A5C4-617426CFAA3C}.Release|Win32.Build.0 = Release|Win32
		{E95939BF-79B1-4B30-BE19-A4C7905F8F50}.Debug|Win32.ActiveCfg = Debug|Win32
		{E95939BF-79B1-4B30-BE19-A4C7905F8F50}.Debug|Win32.Build.0 = Debug|Win32
		{E95939BF-79B1-4B30-BE19-A4C7905F8F50}.Release|Win32.ActiveCfg = Release|Win32
		{E95939BF-79B1-4B30-BE19-A4C7905F8F50}.Release|Win32.Build.0 = Release|Win32
		{F824E02A-5CE9-4BDE-A53A-707680F03652}.Debug|Win32.ActiveCfg = Debug|Win32
		{F824E02A-5CE9-4BDE-A53A-707680F03652}.Debug|Win32.Build.0 = Debug|Win32
		{F824E02A-5CE9-4BDE-A53A-707680F03652}.Release|Win32.ActiveCfg = Release|Win32
		{F824E02A-5CE9-4BDE-A53A-707680F03652}.Release|Win32.Build.0 = Release|Win32
		{EF59A178-E50F-4901-860E-08D6B54FE49C}.Debug|Win32.ActiveCfg = Debug|Win32
		{EF59A178-E50F-4901-860E-08D6B54FE49C}.Debug|Win32.Build.0 = Debug|Win32
		{EF59A178-E50F-4901-860E-08D6B54FE49C}.Release|Win32.ActiveCfg = Release|Win32
		{EF59A178-E50F-4901-860E-08D6B54FE49C}.Release|Win32.Build.0 = Release|Win32
		{0715D775-9B45-4261-9B4A-EF3CA6EBCF2D}.Debug|Win32.ActiveCfg = Debug|Win32
		{0715D775-9B45-4261-9B4A-EF3CA6EBCF2D}.Debug|Win32.Build.0 = Debug|Win32
		{0715D775-9B45-4261-9B4A-EF3CA6EBCF2D}.Release|Win32.ActiveCfg = Release|Win32
		{0715D775-9B45-4261-9B4A-EF3CA6EBCF2D}.Release|Win32.Build.0 = Release|Win32
		{24ED0340-F0FB-49AC-875E-2E3DD4442B2B}.Debug|Win32.ActiveCfg = Debug|Win32
		{24ED0340-F0FB-49AC-875E-2E3DD4442B2B}.Debug|Win32.Build.0 = Debug|Win32
		{24ED0340-F0FB-49AC-875E-2E3DD4442B2B}.Release|Win32.ActiveCfg = Release|Win32
		{24ED0340-F0FB-49AC-875E-2E3DD4442B2B}.Release|Win32.Build.0 = Release|Win32
		{864973DF-DE30-4C55-99FE-5C36366844E5}.Debug|Win32.ActiveCfg = Debug|Win32
		{864973DF-DE30-4C55-99FE-5C36366844E5}.Debug|Win32.Build.0 = Debug|Win32
		{864973DF-DE30-4C55-99FE-5C36366844E5}.Release|Win32.ActiveCfg = Release|Win32
		{864973DF-DE30-4C55-99FE-5C36366844E5}.Release|Win32.Build.0 = Release|Win32
		{C0B891DD-555F-4D17-B062-ADB2BCFE659D}.Debug|Win32.ActiveCfg = Debug|Win32
		{C0B891DD-555F-4D17-B062-ADB2BCFE659D}.Debug|Win32.Build.0 = Debug|Win32
		{C0B891DD-555F-4D17-B062-ADB2BCFE659D}.Release|Win32.ActiveCfg = Release|Win32
		{C0B891DD-555F-4D17-B062-ADB2BCFE659D}.Release|Win32.Build.0 = Release|Win32
		{FB6B47AB-FD43-4D0A-860F-88E329E2C56E}.Debug|Win32.ActiveCfg = Debug|Win32
		{FB6B47AB-FD43-4D0A-860F-88E329E2C56E}.Debug|Win32.Build.0 = Debug|Win32
		{FB6B47AB-FD43-4D0A-860F-88E329E2C56E}.Release|Win32.ActiveCfg = Release|Win32
		{FB6B47AB-FD43-4D0A-860F-88E329E2C56E}.Release|Win32.Build.0 = Release|Win32
		{0070960D-E276-4641-8584-8E92BBDDE9B6}.Debug|Win32.ActiveCfg = Debug|Win32
		{0070960D-E276-4641-8584-8E92BBDDE9B6}.Debug|Win32.Build.0 = Debug|Win32
		{0070960D-E276-4641-8584-8E92BBDDE9B6}.Release|Win32.ActiveCfg = Release|Win32
		{0070960D-E276-4641-8584-8E92BBDDE9B6}.Release|Win32.Build.0 = Release|Win32
		{826921C2-5BBA-4366-B0AF-DB4847BAE246}.Debug|Win32.ActiveCfg = Debug|Win32
		{826921C2-5BBA-4366-B0AF-DB4847BAE246}.Debug|Win32.Build.0 = Debug|Win32
		{826921C2-5BBA-4366-B0AF-DB4847BAE246}.Release|Win32.ActiveCfg = Release|Win32
		{826921C2-5BBA-4366-B0AF-DB4847BAE246}.Release|Win32.Build.0 = Release|Win32
		{8AE8BC2A-1331-4DAD-BBF3-323845F7E0DF}.Debug|Win32.ActiveCfg = Debug|Win32
		{8AE8BC2A-1331-4DAD-BBF3-323845F7E0DF}.Debug|Win32.Build.0 = Debug|Win32
		{8AE8BC2A-1331-4DAD-BBF3-323845F7E0DF}.Release|Win32.ActiveCfg = Release|Win32
		{8AE8BC2A-1331-4DAD-BBF3-323845F7E0DF}.Release|Win32.Build.0 = Release|Win32
		{3C3CB053-ACDC-4480-95F4-7A291F133D8E}.Debug|Win32.ActiveCfg = Debug|Win32
		{3C3CB053-ACDC-4480-95F4-7A291F133D8E}.Debug|Win32.Build.0 = Debug|Win32
		{3C3CB053-ACDC-4480-95F4-7A291F133D8E}.Release|Win32.ActiveCfg = Release|Win32
		{3C3CB053-ACDC-4480-95F4-7A291F133D8E}.Release|Win32.Build.0 = Release|Win32
		{A9A7398D-4745-44F2-8D39-872A639E9CFA}.Debug|Win32.ActiveCfg = Debug|Win32
		{A9A7398D-4745-44F2-8D39-872A639E9CFA}.Debug|Win32.Build.0 = Debug|Win32
		{A9A7398D-4745-44F2-8D39-872A639E9CFA}.Release|Win32.ActiveCfg = Release|Win32
		{A9A7398D-4745-44F2-8D39-872A639E9CFA}.Release|Win32.Build.0 = Release|Win32
		{B550EEFF-E81C-4BAF-81B5-8A50A9E452BE}.Debug|Win32.ActiveCfg = Debug|Win32
		{B550EEFF-E81C-4BAF-81B5-8A50A9E452BE}.Debug|Win32.Build.0 = Debug|Win32
		{B550EEFF-E81C-4BAF-81B5-8A50A9E452BE}.Release|Win32.ActiveCfg = Release|Win32
		{B550EEFF-E81C-4BAF-81B5-8A50A9E452BE}.Release|Win32.Build.0 = Release|Win32
		{0F510F71-3B71-4775-A1F0-B52DC8EA82BA}.Debug|Win32.ActiveCfg = Debug|Win32
		{0F510F71-3B71-4775-A1F0-B52DC8EA82BA}.Debug|Win32.Build.0 = Debug|Win32
		{0F510F71-3B71-4775-A1F0-B52DC8EA82BA}.Release|Win32.ActiveCfg = Release|Win32
		{0F510F71-3B71-4775-A1F0-B52DC8EA82BA}.Release|Win32.Build.0 = Release|Win32
		{3F64E1A8-8228-4C62-ABB3-AF187659B914}.Debug|Win32.ActiveCfg = Debug|Win32
		{3F64E1A8-8228-4C62-ABB3-AF187659B914}.Debug|Win32.Build.0 = Debug|Win32
		{3F64E1A8-8228-4C62-ABB3-AF187659B914}.Release|Win32.ActiveCfg = Release|Win32
		{3F64E1A8-8228-4C62-ABB3-AF187659B914}.Release|Win32.Build.0 = Release|Win32
		{8685C4C3-46F7-439E-A520-9A3210A8C643}.Debug|Win32.ActiveCfg = Debug|Win32
		{8685C4C3-46F7-439E-A520-9A3210A8C643}.Debug|Win32.Build.0 = Debug|Win32
		{8685C4C3-46F7-439E-A520-9A3210A8C643}.Release|Win32.ActiveCfg = Release|Win32
		{8685C4C3-46F7-439E-A520-9A3210A8C643}.Release|Win32.Build.0 = Release|Win32
		{1FD8C83A-BE65-4AA6-B184-A388DBA7FDF9}.Debug|Win32.ActiveCfg = Debug|Win32
		{1FD8C83A-BE65-4AA6-B184-A388DBA7FDF9}.Debug|Win32.Build.0 = Debug|Win32
		{1FD8C83A-BE65-4AA6-B184-A388DBA7FDF9}.Release|Win32.ActiveCfg = Release|Win32
		{1FD8C83A-BE65-4AA6-B184-A388DBA7FDF9}.Release|Win32.Build.0 = Release|Win32
		{C37F5532-D14E-4860-841A-11D653E8C5D4}.Debug|Win32.ActiveCfg = Debug|Win32
		{C37F5532-D14E-4860-841A-11D653E8C5D4}.Debug|Win32.Build.0 = Debug|Win32
		{C37F5532-D14E-4860-841A-11D653E8C5D4}.Release|Win32.ActiveCfg = Release|Win32
		{C37F5532-D14E-4860-841A-11D653E8C5D4}.Release|Win32.Build.0 = Release|Win32
		{8B55A172-F104-45E1-BD7C-DCFA87EA5594}.Debug|Win32.ActiveCfg = Debug|Win32
		{8B55A172-F104-45E1-BD7C-DCFA87EA5594}.Debug|Win32.Build.0 = Debug|Win32
		{8B55A172-F104-45E1-BD7C-DCFA87EA5594}.Release|Win32.ActiveCfg = Release|Win32
		{8B55A172-F104-45E1-BD7C-DCFA87EA5594}.Release|Win32.Build.0 = Release|Win32
	EndGlobalSection
	GlobalSection(SolutionProperties) = preSolution
		HideSolutionNode = FALSE
	EndGlobalSection
	GlobalSection(NestedProjects) = preSolution
		{6FBD84F0-8530-44AD-A2E6-AFFC9A23EF67} = {7C208264-DFEC-4D14-8446-937D1ADB4B2B}
		{F2E73F55-B010-4525-A7CC-08917739C924} = {7C208264-DFEC-4D14-8446-937D1ADB4B2B}
		{E0F08EB2-F8B5-457D-80AB-B62F46468F2B} = {7C208264-DFEC-4D14-8446-937D1ADB4B2B}
		{970B2BFA-CA85-4E4D-A5C4-617426CFAA3C} = {7C208264-DFEC-4D14-8446-937D1ADB4B2B}
		{E95939BF-79B1-4B30-BE19-A4C7905F8F50} = {7C208264-DFEC-4D14-8446-937D1ADB4B2B}
		{F824E02A-5CE9-4BDE-A53A-707680F03652} = {7C208264-DFEC-4D14-8446-937D1ADB4B2B}
		{EF59A178-E50F-4901-860E-08D6B54FE49C} = {7C208264-DFEC-4D14-8446-937D1ADB4B2B}
		{0715D775-9B45-4261-9B4A-EF3CA6EBCF2D} = {7C208264-DFEC-4D14-8446-937D1ADB4B2B}
		{24ED0340-F0FB-49AC-875E-2E3DD4442B2B} = {7C208264-DFEC-4D14-8446-937D1ADB4B2B}
		{864973DF-DE30-4C55-99FE-5C36366844E5} = {7C208264-DFEC-4D14-8446-937D1ADB4B2B}
		{C0B891DD-555F-4D17-B062-ADB2BCFE659D} = {7C208264-DFEC-4D14-8446-937D1ADB4B2B}
		{FB6B47AB-FD43-4D0A-860F-88E329E2C56E} = {7C208264-DFEC-4D14-8446-937D1ADB4B2B}
		{0070960D-E276-4641-8584-8E92BBDDE9B6} = {7C208264-DFEC-4D14-8446-937D1ADB4B2B}
		{826921C2-5BBA-4366-B0AF-DB4847BAE246} = {7C208264-DFEC-4D14-8446-937D1ADB4B2B}
		{A9A7398D-4745-44F2-8D39-872A639E9CFA} = {7C208264-DFEC-4D14-8446-937D1ADB4B2B}
		{1FD8C83A-BE65-4AA6-B184-A388DBA7FDF9} = {7C208264-DFEC-4D14-8446-937D1ADB4B2B}
		{C37F5532-D14E-4860-841A-11D653E8C5D4} = {7C208264-DFEC-4D14-8446-937D1ADB4B2B}
		{8B55A172-F104-45E1-BD7C-DCFA87EA5594} = {7C208264-DFEC-4D14-8446-937D1ADB4B2B}
	EndGlobalSection
EndGlobal
