<?xml version="1.0" encoding="utf-8"?>
<Project ToolsVersion="4.0" xmlns="http://schemas.microsoft.com/developer/msbuild/2003">
  <ItemGroup>
    <Filter Include="Source Files">
      <UniqueIdentifier>{4FC737F1-C7A5-4376-A066-2A32D752A2FF}</UniqueIdentifier>
      <Extensions>cpp;c;cc;cxx;def;odl;idl;hpj;bat;asm;asmx</Extensions>
    </Filter>
    <Filter Include="Header Files">
      <UniqueIdentifier>{93995380-89BD-4b04-88EB-625FBE52EBFB}</UniqueIdentifier>
      <Extensions>h;hh;hpp;hxx;hm;inl;inc;xsd</Extensions>
    </Filter>
    <Filter Include="Resource Files">
      <UniqueIdentifier>{67DA6AB6-F800-4c08-8B7A-83BB121AAD01}</UniqueIdentifier>
      <Extensions>rc;ico;cur;bmp;dlg;rc2;rct;bin;rgs;gif;jpg;jpeg;jpe;resx;tiff;tif;png;wav;mfcribbon-ms</Extensions>
    </Filter>
    <Filter Include="Header Files\Vector">
      <UniqueIdentifier>{08db27ff-dbdf-482c-8ff1-7d8edc03d808}</UniqueIdentifier>
    </Filter>
    <Filter Include="Source Files\Vector">
      <UniqueIdentifier>{1dc445d6-4039-47d9-85fb-aa171927fc83}</UniqueIdentifier>
    </Filter>
    <Filter Include="Header Files\Vector\Layer 1">
      <UniqueIdentifier>{0be02537-275d-4f3e-b4fa-5598a56ec73c}</UniqueIdentifier>
    </Filter>
    <Filter Include="Header Files\Vector\Layer 2">
      <UniqueIdentifier>{9e9240ec-1bc8-4c51-8fad-3cc0cf303a9c}</UniqueIdentifier>
    </Filter>
    <Filter Include="Header Files\Vector\Layer 3">
      <UniqueIdentifier>{c6a86b8f-7a58-4833-9dbd-e5b0ea3d940d}</UniqueIdentifier>
    </Filter>
    <Filter Include="Header Files\Vector\Layer 4">
      <UniqueIdentifier>{d0ad1816-6245-46ca-951e-68c523cd3051}</UniqueIdentifier>
    </Filter>
    <Filter Include="Source Files\Vector\Layer 4">
      <UniqueIdentifier>{251e1b4c-f67d-4b72-9aa3-f98bd239c414}</UniqueIdentifier>
    </Filter>
  </ItemGroup>
  <ItemGroup>
    <ClInclude Include="..\..\..\Code\Ultra Core\Types.h">
      <Filter>Header Files</Filter>
    </ClInclude>
    <ClInclude Include="..\..\..\Code\Ultra Core\Vector\Layer 3\CVector2i32.h">
      <Filter>Header Files\Vector\Layer 3</Filter>
    </ClInclude>
    <ClInclude Include="..\..\..\Code\Ultra Core\Vector\Layer 3\CVector2i64.h">
      <Filter>Header Files\Vector\Layer 3</Filter>
    </ClInclude>
    <ClInclude Include="..\..\..\Code\Ultra Core\Vector\Layer 3\CVector2ui8.h">
      <Filter>Header Files\Vector\Layer 3</Filter>
    </ClInclude>
    <ClInclude Include="..\..\..\Code\Ultra Core\Vector\Layer 3\CVector2ui16.h">
      <Filter>Header Files\Vector\Layer 3</Filter>
    </ClInclude>
    <ClInclude Include="..\..\..\Code\Ultra Core\Vector\Layer 3\CVector2ui32.h">
      <Filter>Header Files\Vector\Layer 3</Filter>
    </ClInclude>
    <ClInclude Include="..\..\..\Code\Ultra Core\Vector\Layer 3\CVector2ui64.h">
      <Filter>Header Files\Vector\Layer 3</Filter>
    </ClInclude>
    <ClInclude Include="..\..\..\Code\Ultra Core\Vector\Layer 3\CVector2f32.h">
      <Filter>Header Files\Vector\Layer 3</Filter>
    </ClInclude>
    <ClInclude Include="..\..\..\Code\Ultra Core\Vector\Layer 3\CVector2f64.h">
      <Filter>Header Files\Vector\Layer 3</Filter>
    </ClInclude>
    <ClInclude Include="..\..\..\Code\Ultra Core\Vector\Layer 3\CVector2f80.h">
      <Filter>Header Files\Vector\Layer 3</Filter>
    </ClInclude>
    <ClInclude Include="..\..\..\Code\Ultra Core\Vector\Layer 3\CVector2i8.h">
      <Filter>Header Files\Vector\Layer 3</Filter>
    </ClInclude>
    <ClInclude Include="..\..\..\Code\Ultra Core\Vector\Layer 3\CVector2i16.h">
      <Filter>Header Files\Vector\Layer 3</Filter>
    </ClInclude>
    <ClInclude Include="..\..\..\Code\Ultra Core\Vector\Layer 2\CVector4.h">
      <Filter>Header Files\Vector\Layer 2</Filter>
    </ClInclude>
    <ClInclude Include="..\..\..\Code\Ultra Core\Vector\Layer 2\CVector2.h">
      <Filter>Header Files\Vector\Layer 2</Filter>
    </ClInclude>
    <ClInclude Include="..\..\..\Code\Ultra Core\Vector\Layer 2\CVector3.h">
      <Filter>Header Files\Vector\Layer 2</Filter>
    </ClInclude>
    <ClInclude Include="..\..\..\Code\Ultra Core\Vector\Layer 1\CVector.h">
      <Filter>Header Files\Vector\Layer 1</Filter>
    </ClInclude>
    <ClInclude Include="..\..\..\Code\Ultra Core\Vector\Layer 3\CVector3i64.h">
      <Filter>Header Files\Vector\Layer 3</Filter>
    </ClInclude>
    <ClInclude Include="..\..\..\Code\Ultra Core\Vector\Layer 3\CVector3ui8.h">
      <Filter>Header Files\Vector\Layer 3</Filter>
    </ClInclude>
    <ClInclude Include="..\..\..\Code\Ultra Core\Vector\Layer 3\CVector3ui16.h">
      <Filter>Header Files\Vector\Layer 3</Filter>
    </ClInclude>
    <ClInclude Include="..\..\..\Code\Ultra Core\Vector\Layer 3\CVector3ui32.h">
      <Filter>Header Files\Vector\Layer 3</Filter>
    </ClInclude>
    <ClInclude Include="..\..\..\Code\Ultra Core\Vector\Layer 3\CVector3ui64.h">
      <Filter>Header Files\Vector\Layer 3</Filter>
    </ClInclude>
    <ClInclude Include="..\..\..\Code\Ultra Core\Vector\Layer 3\CVector3f32.h">
      <Filter>Header Files\Vector\Layer 3</Filter>
    </ClInclude>
    <ClInclude Include="..\..\..\Code\Ultra Core\Vector\Layer 3\CVector3f64.h">
      <Filter>Header Files\Vector\Layer 3</Filter>
    </ClInclude>
    <ClInclude Include="..\..\..\Code\Ultra Core\Vector\Layer 3\CVector3f80.h">
      <Filter>Header Files\Vector\Layer 3</Filter>
    </ClInclude>
    <ClInclude Include="..\..\..\Code\Ultra Core\Vector\Layer 3\CVector3i8.h">
      <Filter>Header Files\Vector\Layer 3</Filter>
    </ClInclude>
    <ClInclude Include="..\..\..\Code\Ultra Core\Vector\Layer 3\CVector3i16.h">
      <Filter>Header Files\Vector\Layer 3</Filter>
    </ClInclude>
    <ClInclude Include="..\..\..\Code\Ultra Core\Vector\Layer 3\CVector3i32.h">
      <Filter>Header Files\Vector\Layer 3</Filter>
    </ClInclude>
    <ClInclude Include="..\..\..\Code\Ultra Core\Vector\Layer 3\CVector4i64.h">
      <Filter>Header Files\Vector\Layer 3</Filter>
    </ClInclude>
    <ClInclude Include="..\..\..\Code\Ultra Core\Vector\Layer 3\CVector4ui8.h">
      <Filter>Header Files\Vector\Layer 3</Filter>
    </ClInclude>
    <ClInclude Include="..\..\..\Code\Ultra Core\Vector\Layer 3\CVector4ui16.h">
      <Filter>Header Files\Vector\Layer 3</Filter>
    </ClInclude>
    <ClInclude Include="..\..\..\Code\Ultra Core\Vector\Layer 3\CVector4ui32.h">
      <Filter>Header Files\Vector\Layer 3</Filter>
    </ClInclude>
    <ClInclude Include="..\..\..\Code\Ultra Core\Vector\Layer 3\CVector4ui64.h">
      <Filter>Header Files\Vector\Layer 3</Filter>
    </ClInclude>
    <ClInclude Include="..\..\..\Code\Ultra Core\Vector\Layer 3\CVector4f32.h">
      <Filter>Header Files\Vector\Layer 3</Filter>
    </ClInclude>
    <ClInclude Include="..\..\..\Code\Ultra Core\Vector\Layer 3\CVector4f64.h">
      <Filter>Header Files\Vector\Layer 3</Filter>
    </ClInclude>
    <ClInclude Include="..\..\..\Code\Ultra Core\Vector\Layer 3\CVector4f80.h">
      <Filter>Header Files\Vector\Layer 3</Filter>
    </ClInclude>
    <ClInclude Include="..\..\..\Code\Ultra Core\Vector\Layer 3\CVector4i8.h">
      <Filter>Header Files\Vector\Layer 3</Filter>
    </ClInclude>
    <ClInclude Include="..\..\..\Code\Ultra Core\Vector\Layer 3\CVector4i16.h">
      <Filter>Header Files\Vector\Layer 3</Filter>
    </ClInclude>
    <ClInclude Include="..\..\..\Code\Ultra Core\Vector\Layer 3\CVector4i32.h">
      <Filter>Header Files\Vector\Layer 3</Filter>
    </ClInclude>
    <ClInclude Include="..\..\..\Code\Ultra Core\Vector\Layer 4\CVector3D.h">
      <Filter>Header Files\Vector\Layer 4</Filter>
    </ClInclude>
    <ClInclude Include="..\..\..\Code\Ultra Core\Vector\Layer 4\CVector2D.h">
      <Filter>Header Files\Vector\Layer 4</Filter>
    </ClInclude>
    <ClInclude Include="..\..\..\Code\Ultra Core\Vector\Layer 4\CVector4D.h">
      <Filter>Header Files\Vector\Layer 4</Filter>
    </ClInclude>
    <ClInclude Include="..\..\..\Code\Ultra Core\Vector\Layer 4\CColour.h">
      <Filter>Header Files\Vector\Layer 4</Filter>
    </ClInclude>
    <ClInclude Include="..\..\..\Code\Ultra Core\Vector\Layer 4\CSize3D.h">
      <Filter>Header Files\Vector\Layer 4</Filter>
    </ClInclude>
    <ClInclude Include="..\..\..\Code\Ultra Core\Vector\Layer 4\CSize2D.h">
      <Filter>Header Files\Vector\Layer 4</Filter>
    </ClInclude>
    <ClInclude Include="..\..\..\Code\Ultra Core\Vector\Layer 4\CPoint2D.h">
      <Filter>Header Files\Vector\Layer 4</Filter>
    </ClInclude>
    <ClInclude Include="..\..\..\Code\Ultra Core\Vector\Layer 4\CPoint3D.h">
      <Filter>Header Files\Vector\Layer 4</Filter>
    </ClInclude>
  </ItemGroup>
  <ItemGroup>
    <ClCompile Include="..\..\..\Code\Ultra Core\Vector\Layer 4\CVector3D.cpp">
      <Filter>Source Files\Vector\Layer 4</Filter>
    </ClCompile>
    <ClCompile Include="..\..\..\Code\Ultra Core\Vector\Layer 4\CVector2D.cpp">
      <Filter>Source Files\Vector\Layer 4</Filter>
    </ClCompile>
    <ClCompile Include="..\..\..\Code\Ultra Core\Vector\Layer 4\CVector4D.cpp">
      <Filter>Source Files\Vector\Layer 4</Filter>
    </ClCompile>
    <ClCompile Include="..\..\..\Code\Ultra Core\Vector\Layer 4\CColour.cpp">
      <Filter>Source Files\Vector\Layer 4</Filter>
    </ClCompile>
    <ClCompile Include="..\..\..\Code\Ultra Core\Vector\Layer 4\CSize3D.cpp">
      <Filter>Source Files\Vector\Layer 4</Filter>
    </ClCompile>
    <ClCompile Include="..\..\..\Code\Ultra Core\Vector\Layer 4\CSize2D.cpp">
      <Filter>Source Files\Vector\Layer 4</Filter>
    </ClCompile>
    <ClCompile Include="..\..\..\Code\Ultra Core\Vector\Layer 4\CPoint3D.cpp">
      <Filter>Source Files\Vector\Layer 4</Filter>
    </ClCompile>
    <ClCompile Include="..\..\..\Code\Ultra Core\Vector\Layer 4\CPoint2D.cpp">
      <Filter>Source Files\Vector\Layer 4</Filter>
    </ClCompile>
  </ItemGroup>
</Project>