<?xml version="1.0" encoding="utf-8"?>
<Project ToolsVersion="4.0" xmlns="http://schemas.microsoft.com/developer/msbuild/2003">
  <ItemGroup>
    <Filter Include="Source Files">
      <UniqueIdentifier>{4FC737F1-C7A5-4376-A066-2A32D752A2FF}</UniqueIdentifier>
      <Extensions>cpp;c;cc;cxx;def;odl;idl;hpj;bat;asm;asmx</Extensions>
    </Filter>
    <Filter Include="Header Files">
      <UniqueIdentifier>{93995380-89BD-4b04-88EB-625FBE52EBFB}</UniqueIdentifier>
      <Extensions>h;hh;hpp;hxx;hm;inl;inc;xsd</Extensions>
    </Filter>
    <Filter Include="Resource Files">
      <UniqueIdentifier>{67DA6AB6-F800-4c08-8B7A-83BB121AAD01}</UniqueIdentifier>
      <Extensions>rc;ico;cur;bmp;dlg;rc2;rct;bin;rgs;gif;jpg;jpeg;jpe;resx;tiff;tif;png;wav;mfcribbon-ms</Extensions>
    </Filter>
    <Filter Include="Header Files\Image">
      <UniqueIdentifier>{406a0901-875d-43df-9ae4-a2d85e0e37f2}</UniqueIdentifier>
    </Filter>
    <Filter Include="Source Files\Image">
      <UniqueIdentifier>{ac3c98e4-8a4f-454f-a6dc-1f41ba327c32}</UniqueIdentifier>
    </Filter>
    <Filter Include="Header Files\Compression">
      <UniqueIdentifier>{5673adb1-95d9-444a-b59f-4c183d967b2e}</UniqueIdentifier>
    </Filter>
    <Filter Include="Header Files\File">
      <UniqueIdentifier>{7f61408d-0859-4a56-880e-7bf859e3bd5d}</UniqueIdentifier>
    </Filter>
    <Filter Include="Header Files\GDIPlus">
      <UniqueIdentifier>{81fd1fcc-00b7-48df-aca4-f3c5629ded11}</UniqueIdentifier>
    </Filter>
    <Filter Include="Header Files\GUI">
      <UniqueIdentifier>{fefbe81b-ae8c-434b-82f1-b4f5a5f50060}</UniqueIdentifier>
    </Filter>
    <Filter Include="Header Files\INI">
      <UniqueIdentifier>{0f7f0600-2e42-467a-808a-18011f19080f}</UniqueIdentifier>
    </Filter>
    <Filter Include="Header Files\Math">
      <UniqueIdentifier>{b95da0c0-f585-418b-b5d5-687ca2ba6fd7}</UniqueIdentifier>
    </Filter>
    <Filter Include="Header Files\Memory">
      <UniqueIdentifier>{c4f15298-4f7b-4fa7-9048-e67b678034f7}</UniqueIdentifier>
    </Filter>
    <Filter Include="Header Files\Path">
      <UniqueIdentifier>{e27d4184-616b-46af-9bd2-fcf70e7cdc9c}</UniqueIdentifier>
    </Filter>
    <Filter Include="Header Files\Registry">
      <UniqueIdentifier>{f9c2a1f2-af78-4b44-9e48-f8607eb185ac}</UniqueIdentifier>
    </Filter>
    <Filter Include="Header Files\String">
      <UniqueIdentifier>{bd2f58d2-0682-4d4c-bae7-97d67809365d}</UniqueIdentifier>
    </Filter>
    <Filter Include="Header Files\Vector">
      <UniqueIdentifier>{98cc4936-20e8-4143-a817-f50413eaa5d9}</UniqueIdentifier>
    </Filter>
    <Filter Include="Source Files\Compression">
      <UniqueIdentifier>{50bc092d-1da5-4b2e-b463-0b93786c10d5}</UniqueIdentifier>
    </Filter>
    <Filter Include="Source Files\File">
      <UniqueIdentifier>{ed20f70e-06ae-4090-bf09-25c31564f6bf}</UniqueIdentifier>
    </Filter>
    <Filter Include="Source Files\GDIPlus">
      <UniqueIdentifier>{de6bf791-d44d-45dc-9945-5cb3908b55ab}</UniqueIdentifier>
    </Filter>
    <Filter Include="Source Files\GUI">
      <UniqueIdentifier>{8ec89c90-658e-4074-8dd8-6bfa4e728c00}</UniqueIdentifier>
    </Filter>
    <Filter Include="Source Files\INI">
      <UniqueIdentifier>{841dc2d8-41cd-4c04-917b-d9a5a3267329}</UniqueIdentifier>
    </Filter>
    <Filter Include="Source Files\Math">
      <UniqueIdentifier>{bb615a19-73cb-4940-b432-af0b2ea504cc}</UniqueIdentifier>
    </Filter>
    <Filter Include="Source Files\Memory">
      <UniqueIdentifier>{935cb890-750d-4953-bd6d-9e9181689fcd}</UniqueIdentifier>
    </Filter>
    <Filter Include="Source Files\Path">
      <UniqueIdentifier>{706a687f-86b7-4875-9ab4-bd1aeb8990e8}</UniqueIdentifier>
    </Filter>
    <Filter Include="Source Files\Registry">
      <UniqueIdentifier>{100333fa-07be-4cc8-bcea-0dc6e8e3a656}</UniqueIdentifier>
    </Filter>
    <Filter Include="Source Files\String">
      <UniqueIdentifier>{62f2010b-7310-4def-b754-7ee72631b7b0}</UniqueIdentifier>
    </Filter>
    <Filter Include="Source Files\Vector">
      <UniqueIdentifier>{3385b4c0-67d3-4d70-8c44-358ed204841f}</UniqueIdentifier>
    </Filter>
  </ItemGroup>
  <ItemGroup>
    <ClInclude Include="..\..\..\Code\Utility\Image\eDXTCompressionType.h">
      <Filter>Header Files\Image</Filter>
    </ClInclude>
    <ClInclude Include="..\..\..\Code\Utility\Image\CImageUtility.h">
      <Filter>Header Files\Image</Filter>
    </ClInclude>
    <ClInclude Include="..\..\..\Code\Utility\Image\eRasterDataFormat.h">
      <Filter>Header Files\Image</Filter>
    </ClInclude>
    <ClInclude Include="..\..\..\Code\Utility\Compression\CCompressionUtility.h">
      <Filter>Header Files\Compression</Filter>
    </ClInclude>
    <ClInclude Include="..\..\..\Code\Utility\File\CFileUtility.h">
      <Filter>Header Files\File</Filter>
    </ClInclude>
    <ClInclude Include="..\..\..\Code\Utility\GDIPlus\CGDIPlusUtility.h">
      <Filter>Header Files\GDIPlus</Filter>
    </ClInclude>
    <ClInclude Include="..\..\..\Code\Utility\GUI\CGUIUtility.h">
      <Filter>Header Files\GUI</Filter>
    </ClInclude>
    <ClInclude Include="..\..\..\Code\Utility\INI\CINIUtility.h">
      <Filter>Header Files\INI</Filter>
    </ClInclude>
    <ClInclude Include="..\..\..\Code\Utility\Math\CMathUtility.h">
      <Filter>Header Files\Math</Filter>
    </ClInclude>
    <ClInclude Include="..\..\..\Code\Utility\Memory\CMemoryUtility.h">
      <Filter>Header Files\Memory</Filter>
    </ClInclude>
    <ClInclude Include="..\..\..\Code\Utility\Path\CPathUtility.h">
      <Filter>Header Files\Path</Filter>
    </ClInclude>
    <ClInclude Include="..\..\..\Code\Utility\Registry\CRegistryUtility.h">
      <Filter>Header Files\Registry</Filter>
    </ClInclude>
    <ClInclude Include="..\..\..\Code\Utility\String\CStringUtility.h">
      <Filter>Header Files\String</Filter>
    </ClInclude>
    <ClInclude Include="..\..\..\Code\Utility\Vector\CVectorUtility.h">
      <Filter>Header Files\Vector</Filter>
    </ClInclude>
  </ItemGroup>
  <ItemGroup>
    <ClCompile Include="..\..\..\Code\Utility\Image\CImageUtility.cpp">
      <Filter>Source Files\Image</Filter>
    </ClCompile>
    <ClCompile Include="..\..\..\Code\Utility\Compression\CCompressionUtility.cpp">
      <Filter>Source Files\Compression</Filter>
    </ClCompile>
    <ClCompile Include="..\..\..\Code\Utility\File\CFileUtility.cpp">
      <Filter>Source Files\File</Filter>
    </ClCompile>
    <ClCompile Include="..\..\..\Code\Utility\GDIPlus\CGDIPlusUtility.cpp">
      <Filter>Source Files\GDIPlus</Filter>
    </ClCompile>
    <ClCompile Include="..\..\..\Code\Utility\GUI\CGUIUtility.cpp">
      <Filter>Source Files\GUI</Filter>
    </ClCompile>
    <ClCompile Include="..\..\..\Code\Utility\INI\CINIUtility.cpp">
      <Filter>Source Files\INI</Filter>
    </ClCompile>
    <ClCompile Include="..\..\..\Code\Utility\Math\CMathUtility.cpp">
      <Filter>Source Files\Math</Filter>
    </ClCompile>
    <ClCompile Include="..\..\..\Code\Utility\Memory\CMemoryUtility.cpp">
      <Filter>Source Files\Memory</Filter>
    </ClCompile>
    <ClCompile Include="..\..\..\Code\Utility\Path\CPathUtility.cpp">
      <Filter>Source Files\Path</Filter>
    </ClCompile>
    <ClCompile Include="..\..\..\Code\Utility\Registry\CRegistryUtility.cpp">
      <Filter>Source Files\Registry</Filter>
    </ClCompile>
    <ClCompile Include="..\..\..\Code\Utility\String\CStringUtility.cpp">
      <Filter>Source Files\String</Filter>
    </ClCompile>
    <ClCompile Include="..\..\..\Code\Utility\Vector\CVectorUtility.cpp">
      <Filter>Source Files\Vector</Filter>
    </ClCompile>
  </ItemGroup>
</Project>