<?xml version="1.0" encoding="utf-8"?>
<Project ToolsVersion="4.0" xmlns="http://schemas.microsoft.com/developer/msbuild/2003">
  <ItemGroup>
    <Filter Include="Source Files">
      <UniqueIdentifier>{4FC737F1-C7A5-4376-A066-2A32D752A2FF}</UniqueIdentifier>
      <Extensions>cpp;c;cc;cxx;def;odl;idl;hpj;bat;asm;asmx</Extensions>
    </Filter>
    <Filter Include="Header Files">
      <UniqueIdentifier>{93995380-89BD-4b04-88EB-625FBE52EBFB}</UniqueIdentifier>
      <Extensions>h;hh;hpp;hxx;hm;inl;inc;xsd</Extensions>
    </Filter>
    <Filter Include="Resource Files">
      <UniqueIdentifier>{67DA6AB6-F800-4c08-8B7A-83BB121AAD01}</UniqueIdentifier>
      <Extensions>rc;ico;cur;bmp;dlg;rc2;rct;bin;rgs;gif;jpg;jpeg;jpe;resx;tiff;tif;png;wav;mfcribbon-ms</Extensions>
    </Filter>
    <Filter Include="Header Files\Game">
      <UniqueIdentifier>{bf5bf06c-19f0-4cac-96af-ab9a8446bf31}</UniqueIdentifier>
    </Filter>
    <Filter Include="Header Files\Platform">
      <UniqueIdentifier>{1ca0a787-6f55-439d-b64b-a2c0671332f1}</UniqueIdentifier>
    </Filter>
    <Filter Include="Header Files\Image">
      <UniqueIdentifier>{8e03604b-f306-4176-8c8a-d29724b79418}</UniqueIdentifier>
    </Filter>
    <Filter Include="Source Files\Game">
      <UniqueIdentifier>{91e43c69-c7b4-43e7-9857-21ec1c294cca}</UniqueIdentifier>
    </Filter>
    <Filter Include="Source Files\Platform">
      <UniqueIdentifier>{4f3955e1-2e7c-4af4-abb6-934a492c9a75}</UniqueIdentifier>
    </Filter>
    <Filter Include="Source Files\Image">
      <UniqueIdentifier>{4e1bef2e-f5d7-40e4-8842-59be5d8059cd}</UniqueIdentifier>
    </Filter>
    <Filter Include="Header Files\File Format">
      <UniqueIdentifier>{6d37c502-5206-4fe1-8684-355566587a8a}</UniqueIdentifier>
    </Filter>
    <Filter Include="Header Files\File Format\DDS">
      <UniqueIdentifier>{55a48f68-0272-4733-a9cf-82efd3b22d78}</UniqueIdentifier>
    </Filter>
    <Filter Include="Header Files\File Format\BMP">
      <UniqueIdentifier>{7b1b2078-479e-4ef7-84df-c2a565f3ff13}</UniqueIdentifier>
    </Filter>
    <Filter Include="Source Files\File Format">
      <UniqueIdentifier>{58e4c9cb-058c-4ffa-b6dd-876a7a897be7}</UniqueIdentifier>
    </Filter>
    <Filter Include="Source Files\File Format\BMP">
      <UniqueIdentifier>{a1315844-cc9e-44f9-b998-c9a4a26d8d20}</UniqueIdentifier>
    </Filter>
    <Filter Include="Source Files\File Format\DDS">
      <UniqueIdentifier>{48cf9cf3-635c-444f-af94-6a36681e2f4a}</UniqueIdentifier>
    </Filter>
    <Filter Include="Header Files\File Format\CUR">
      <UniqueIdentifier>{e7e23039-487d-4530-96ce-1bdf57cfe0b5}</UniqueIdentifier>
    </Filter>
    <Filter Include="Header Files\File Format\ICO">
      <UniqueIdentifier>{c1bda2ef-3af1-4c11-ac50-a3d59d81826d}</UniqueIdentifier>
    </Filter>
    <Filter Include="Source Files\File Format\CUR">
      <UniqueIdentifier>{2fe0a276-cd9c-4c52-98fb-19dad12ead0a}</UniqueIdentifier>
    </Filter>
    <Filter Include="Source Files\File Format\ICO">
      <UniqueIdentifier>{6d3e17e2-396a-465b-983b-4f3058e4b7ca}</UniqueIdentifier>
    </Filter>
    <Filter Include="Header Files\GUI">
      <UniqueIdentifier>{5e72218f-ae6a-49f9-841a-30aecf9a0a8f}</UniqueIdentifier>
    </Filter>
    <Filter Include="Source Files\GUI">
      <UniqueIdentifier>{26ffa4f1-c749-46bb-96db-c17fe039243d}</UniqueIdentifier>
    </Filter>
    <Filter Include="Source Files\GUI\Control">
      <UniqueIdentifier>{358f6f45-df96-4970-9b08-66721886a568}</UniqueIdentifier>
    </Filter>
    <Filter Include="Source Files\GUI\Controls">
      <UniqueIdentifier>{4b03550f-4c7a-4c7d-9a32-888fb6f71dfa}</UniqueIdentifier>
    </Filter>
    <Filter Include="Source Files\GUI\Tab">
      <UniqueIdentifier>{15bc353d-21a3-411b-9226-d8313c874402}</UniqueIdentifier>
    </Filter>
    <Filter Include="Source Files\GUI\Window">
      <UniqueIdentifier>{e018a109-b6a9-4ab9-92a4-8c6d9cc42fe5}</UniqueIdentifier>
    </Filter>
    <Filter Include="Header Files\GUI\Control">
      <UniqueIdentifier>{0bf7f9da-5891-4397-9d3c-4d61f1dcbc2f}</UniqueIdentifier>
    </Filter>
    <Filter Include="Header Files\GUI\Controls">
      <UniqueIdentifier>{e457ab54-76cc-4d53-86cf-a6915abeca99}</UniqueIdentifier>
    </Filter>
    <Filter Include="Header Files\GUI\Tab">
      <UniqueIdentifier>{613da06c-2f3b-415c-8982-c4c306d3b8b5}</UniqueIdentifier>
    </Filter>
    <Filter Include="Header Files\GUI\Window">
      <UniqueIdentifier>{3a3fd0cf-daaa-4d82-af6f-0c359f7735f7}</UniqueIdentifier>
    </Filter>
    <Filter Include="Header Files\GUI\Controls\Components">
      <UniqueIdentifier>{4274bd65-dfc6-445c-9023-3998ace5aeab}</UniqueIdentifier>
    </Filter>
    <Filter Include="Header Files\GUI\Controls\Entries">
      <UniqueIdentifier>{bfb4c94c-ecba-4170-ad5c-729a402fe965}</UniqueIdentifier>
    </Filter>
    <Filter Include="Source Files\GUI\Controls\Components">
      <UniqueIdentifier>{48d2a535-3d41-446c-bc6e-c7b64e9759dc}</UniqueIdentifier>
    </Filter>
    <Filter Include="Source Files\GUI\Controls\Entries">
      <UniqueIdentifier>{d9052526-fbaa-4ad8-8e89-96c004f7d6bb}</UniqueIdentifier>
    </Filter>
  </ItemGroup>
  <ItemGroup>
    <ClCompile Include="..\..\..\Code\General\Image\CRasterDataFormatManager.cpp">
      <Filter>Source Files\Image</Filter>
    </ClCompile>
    <ClCompile Include="..\..\..\Code\General\Image\CImageFile.cpp">
      <Filter>Source Files\Image</Filter>
    </ClCompile>
    <ClCompile Include="..\..\..\Code\General\Image\CImageManager.cpp">
      <Filter>Source Files\Image</Filter>
    </ClCompile>
    <ClCompile Include="..\..\..\Code\General\Image\CRasterDataFormat.cpp">
      <Filter>Source Files\Image</Filter>
    </ClCompile>
    <ClCompile Include="..\..\..\Code\General\Platform\CPlatformManager.cpp">
      <Filter>Source Files\Platform</Filter>
    </ClCompile>
    <ClCompile Include="..\..\..\Code\General\Game\CGameManager.cpp">
      <Filter>Source Files\Game</Filter>
    </ClCompile>
    <ClCompile Include="..\..\..\Code\General\File Format\BMP\CBMPManager.cpp">
      <Filter>Source Files\File Format\BMP</Filter>
    </ClCompile>
    <ClCompile Include="..\..\..\Code\General\File Format\DDS\CDDSFormat.cpp">
      <Filter>Source Files\File Format\DDS</Filter>
    </ClCompile>
    <ClCompile Include="..\..\..\Code\General\File Format\BMP\CBMPFormat.cpp">
      <Filter>Source Files\File Format\BMP</Filter>
    </ClCompile>
    <ClCompile Include="..\..\..\Code\General\File Format\DDS\CDDSManager.cpp">
      <Filter>Source Files\File Format\DDS</Filter>
    </ClCompile>
    <ClCompile Include="..\..\..\Code\General\File Format\CUR\CCURFormat.cpp">
      <Filter>Source Files\File Format\CUR</Filter>
    </ClCompile>
    <ClCompile Include="..\..\..\Code\General\File Format\CUR\CCURManager.cpp">
      <Filter>Source Files\File Format\CUR</Filter>
    </ClCompile>
    <ClCompile Include="..\..\..\Code\General\File Format\ICO\CICOFormat.cpp">
      <Filter>Source Files\File Format\ICO</Filter>
    </ClCompile>
    <ClCompile Include="..\..\..\Code\General\File Format\ICO\CICOManager.cpp">
      <Filter>Source Files\File Format\ICO</Filter>
    </ClCompile>
    <ClCompile Include="..\..\..\Code\General\GUI\CGUIManager.cpp">
      <Filter>Source Files\GUI</Filter>
    </ClCompile>
    <ClCompile Include="..\..\..\Code\General\GUI\Control\CWindowControl.cpp">
      <Filter>Source Files\GUI\Control</Filter>
    </ClCompile>
    <ClCompile Include="..\..\..\Code\General\GUI\Tab\CWindowTab.cpp">
      <Filter>Source Files\GUI\Tab</Filter>
    </ClCompile>
    <ClCompile Include="..\..\..\Code\General\GUI\Window\CWindow.cpp">
      <Filter>Source Files\GUI\Window</Filter>
    </ClCompile>
    <ClCompile Include="..\..\..\Code\General\GUI\Window\CTabbedWindow.cpp">
      <Filter>Source Files\GUI\Window</Filter>
    </ClCompile>
    <ClCompile Include="..\..\..\Code\General\GUI\Controls\CWindowControl_Progress.cpp">
      <Filter>Source Files\GUI\Controls</Filter>
    </ClCompile>
    <ClCompile Include="..\..\..\Code\General\GUI\Controls\CWindowControl_Radio.cpp">
      <Filter>Source Files\GUI\Controls</Filter>
    </ClCompile>
    <ClCompile Include="..\..\..\Code\General\GUI\Controls\CWindowControl_Scroll.cpp">
      <Filter>Source Files\GUI\Controls</Filter>
    </ClCompile>
    <ClCompile Include="..\..\..\Code\General\GUI\Controls\CWindowControl_Text.cpp">
      <Filter>Source Files\GUI\Controls</Filter>
    </ClCompile>
    <ClCompile Include="..\..\..\Code\General\GUI\Controls\CWindowControl_Button.cpp">
      <Filter>Source Files\GUI\Controls</Filter>
    </ClCompile>
    <ClCompile Include="..\..\..\Code\General\GUI\Controls\CWindowControl_Check.cpp">
      <Filter>Source Files\GUI\Controls</Filter>
    </ClCompile>
    <ClCompile Include="..\..\..\Code\General\GUI\Controls\CWindowControl_Drop.cpp">
      <Filter>Source Files\GUI\Controls</Filter>
    </ClCompile>
    <ClCompile Include="..\..\..\Code\General\GUI\Controls\CWindowControl_Edit.cpp">
      <Filter>Source Files\GUI\Controls</Filter>
    </ClCompile>
    <ClCompile Include="..\..\..\Code\General\GUI\Controls\CWindowControl_List.cpp">
      <Filter>Source Files\GUI\Controls</Filter>
    </ClCompile>
    <ClCompile Include="..\..\..\Code\General\GUI\Controls\CWindowControl_Menu.cpp">
      <Filter>Source Files\GUI\Controls</Filter>
    </ClCompile>
  </ItemGroup>
  <ItemGroup>
    <ClInclude Include="..\..\..\Code\General\Image\CImageFile.h">
      <Filter>Header Files\Image</Filter>
    </ClInclude>
    <ClInclude Include="..\..\..\Code\General\Image\CImageManager.h">
      <Filter>Header Files\Image</Filter>
    </ClInclude>
    <ClInclude Include="..\..\..\Code\General\Image\CRasterDataFormat.h">
      <Filter>Header Files\Image</Filter>
    </ClInclude>
    <ClInclude Include="..\..\..\Code\General\Image\CRasterDataFormatManager.h">
      <Filter>Header Files\Image</Filter>
    </ClInclude>
    <ClInclude Include="..\..\..\Code\General\eFileStatus.h">
      <Filter>Header Files</Filter>
    </ClInclude>
    <ClInclude Include="..\..\..\Code\General\Platform\CPlatform.h">
      <Filter>Header Files\Platform</Filter>
    </ClInclude>
    <ClInclude Include="..\..\..\Code\General\Platform\CPlatformManager.h">
      <Filter>Header Files\Platform</Filter>
    </ClInclude>
    <ClInclude Include="..\..\..\Code\General\Platform\ePlatform.h">
      <Filter>Header Files\Platform</Filter>
    </ClInclude>
    <ClInclude Include="..\..\..\Code\General\Game\CGame.h">
      <Filter>Header Files\Game</Filter>
    </ClInclude>
    <ClInclude Include="..\..\..\Code\General\Game\CGameManager.h">
      <Filter>Header Files\Game</Filter>
    </ClInclude>
    <ClInclude Include="..\..\..\Code\General\Game\eGame.h">
      <Filter>Header Files\Game</Filter>
    </ClInclude>
    <ClInclude Include="..\..\..\Code\General\Game\ePlatformedGame.h">
      <Filter>Header Files\Game</Filter>
    </ClInclude>
    <ClInclude Include="..\..\..\Code\General\File Format\BMP\CBMPManager.h">
      <Filter>Header Files\File Format\BMP</Filter>
    </ClInclude>
    <ClInclude Include="..\..\..\Code\General\File Format\DDS\CDDSFormat.h">
      <Filter>Header Files\File Format\DDS</Filter>
    </ClInclude>
    <ClInclude Include="..\..\..\Code\General\File Format\BMP\CBMPFormat.h">
      <Filter>Header Files\File Format\BMP</Filter>
    </ClInclude>
    <ClInclude Include="..\..\..\Code\General\File Format\BMP\CBMPFormat_Header1.h">
      <Filter>Header Files\File Format\BMP</Filter>
    </ClInclude>
    <ClInclude Include="..\..\..\Code\General\File Format\DDS\CDDSFormat_Header_DDS_HEADER_DXT10.h">
      <Filter>Header Files\File Format\DDS</Filter>
    </ClInclude>
    <ClInclude Include="..\..\..\Code\General\File Format\DDS\CDDSFormat_Header_DDS_HEADER.h">
      <Filter>Header Files\File Format\DDS</Filter>
    </ClInclude>
    <ClInclude Include="..\..\..\Code\General\File Format\DDS\CDDSFormat_Header_DDS_PIXELFORMAT_Part1.h">
      <Filter>Header Files\File Format\DDS</Filter>
    </ClInclude>
    <ClInclude Include="..\..\..\Code\General\File Format\DDS\CDDSFormat_Header_DDS_PIXELFORMAT_Part2.h">
      <Filter>Header Files\File Format\DDS</Filter>
    </ClInclude>
    <ClInclude Include="..\..\..\Code\General\Game\eGameFlag.h">
      <Filter>Header Files\Game</Filter>
    </ClInclude>
    <ClInclude Include="..\..\..\Code\General\File Format\BMP\CBMPFormat_Header2_Version2.h">
      <Filter>Header Files\File Format\BMP</Filter>
    </ClInclude>
    <ClInclude Include="..\..\..\Code\General\File Format\BMP\CBMPFormat_Header2_Version3.h">
      <Filter>Header Files\File Format\BMP</Filter>
    </ClInclude>
    <ClInclude Include="..\..\..\Code\General\File Format\BMP\CBMPFormat_Header2_Version4.h">
      <Filter>Header Files\File Format\BMP</Filter>
    </ClInclude>
    <ClInclude Include="..\..\..\Code\General\File Format\DDS\CDDSManager.h">
      <Filter>Header Files\File Format\DDS</Filter>
    </ClInclude>
    <ClInclude Include="..\..\..\Code\General\eCompressionAlgorithm.h">
      <Filter>Header Files</Filter>
    </ClInclude>
    <ClInclude Include="..\..\..\Code\General\File Format\CUR\CCURFormat.h">
      <Filter>Header Files\File Format\CUR</Filter>
    </ClInclude>
    <ClInclude Include="..\..\..\Code\General\File Format\CUR\CCURManager.h">
      <Filter>Header Files\File Format\CUR</Filter>
    </ClInclude>
    <ClInclude Include="..\..\..\Code\General\File Format\ICO\CICOFormat.h">
      <Filter>Header Files\File Format\ICO</Filter>
    </ClInclude>
    <ClInclude Include="..\..\..\Code\General\File Format\ICO\CICOManager.h">
      <Filter>Header Files\File Format\ICO</Filter>
    </ClInclude>
    <ClInclude Include="..\..\..\Code\General\GUI\CGUIManager.h">
      <Filter>Header Files\GUI</Filter>
    </ClInclude>
    <ClInclude Include="..\..\..\Code\General\GUI\Control\CWindowScrollPool.h">
      <Filter>Header Files\GUI\Control</Filter>
    </ClInclude>
    <ClInclude Include="..\..\..\Code\General\GUI\Control\eWindowControlType.h">
      <Filter>Header Files\GUI\Control</Filter>
    </ClInclude>
    <ClInclude Include="..\..\..\Code\General\GUI\Control\CWindowControl.h">
      <Filter>Header Files\GUI\Control</Filter>
    </ClInclude>
    <ClInclude Include="..\..\..\Code\General\GUI\Tab\CWindowTab.h">
      <Filter>Header Files\GUI\Tab</Filter>
    </ClInclude>
    <ClInclude Include="..\..\..\Code\General\GUI\Window\CTabbedWindow.h">
      <Filter>Header Files\GUI\Window</Filter>
    </ClInclude>
    <ClInclude Include="..\..\..\Code\General\GUI\Window\CWindow.h">
      <Filter>Header Files\GUI\Window</Filter>
    </ClInclude>
    <ClInclude Include="..\..\..\Code\General\GUI\Controls\CWindowControl_Progress.h">
      <Filter>Header Files\GUI\Controls</Filter>
    </ClInclude>
    <ClInclude Include="..\..\..\Code\General\GUI\Controls\CWindowControl_Radio.h">
      <Filter>Header Files\GUI\Controls</Filter>
    </ClInclude>
    <ClInclude Include="..\..\..\Code\General\GUI\Controls\CWindowControl_Scroll.h">
      <Filter>Header Files\GUI\Controls</Filter>
    </ClInclude>
    <ClInclude Include="..\..\..\Code\General\GUI\Controls\CWindowControl_Text.h">
      <Filter>Header Files\GUI\Controls</Filter>
    </ClInclude>
    <ClInclude Include="..\..\..\Code\General\GUI\Controls\CWindowControl_Button.h">
      <Filter>Header Files\GUI\Controls</Filter>
    </ClInclude>
    <ClInclude Include="..\..\..\Code\General\GUI\Controls\CWindowControl_Check.h">
      <Filter>Header Files\GUI\Controls</Filter>
    </ClInclude>
    <ClInclude Include="..\..\..\Code\General\GUI\Controls\CWindowControl_Drop.h">
      <Filter>Header Files\GUI\Controls</Filter>
    </ClInclude>
    <ClInclude Include="..\..\..\Code\General\GUI\Controls\CWindowControl_Edit.h">
      <Filter>Header Files\GUI\Controls</Filter>
    </ClInclude>
    <ClInclude Include="..\..\..\Code\General\GUI\Controls\CWindowControl_List.h">
      <Filter>Header Files\GUI\Controls</Filter>
    </ClInclude>
    <ClInclude Include="..\..\..\Code\General\GUI\Controls\CWindowControl_Menu.h">
      <Filter>Header Files\GUI\Controls</Filter>
    </ClInclude>
    <ClInclude Include="..\..\..\Code\General\GUI\Controls\Components\CWindowControlComponent_Text.h">
      <Filter>Header Files\GUI\Controls\Components</Filter>
    </ClInclude>
    <ClInclude Include="..\..\..\Code\General\GUI\Controls\Components\eWindowControlOrientation.h">
      <Filter>Header Files\GUI\Controls\Components</Filter>
    </ClInclude>
    <ClInclude Include="..\..\..\Code\General\GUI\Controls\Components\CWindowControlComponent_Rectangle.h">
      <Filter>Header Files\GUI\Controls\Components</Filter>
    </ClInclude>
    <ClInclude Include="..\..\..\Code\General\GUI\Controls\Entries\CWindowControlEntry_Drop.h">
      <Filter>Header Files\GUI\Controls\Entries</Filter>
    </ClInclude>
    <ClInclude Include="..\..\..\Code\General\GUI\Controls\Entries\CWindowControlEntry_List.h">
      <Filter>Header Files\GUI\Controls\Entries</Filter>
    </ClInclude>
    <ClInclude Include="..\..\..\Code\General\GUI\Controls\Entries\CWindowControlEntry_Menu.h">
      <Filter>Header Files\GUI\Controls\Entries</Filter>
    </ClInclude>
  </ItemGroup>
</Project>