<?xml version="1.0" encoding="utf-8"?>
<Project ToolsVersion="4.0" xmlns="http://schemas.microsoft.com/developer/msbuild/2003">
  <ItemGroup>
    <Filter Include="Source Files">
      <UniqueIdentifier>{4FC737F1-C7A5-4376-A066-2A32D752A2FF}</UniqueIdentifier>
      <Extensions>cpp;c;cc;cxx;def;odl;idl;hpj;bat;asm;asmx</Extensions>
    </Filter>
    <Filter Include="Header Files">
      <UniqueIdentifier>{93995380-89BD-4b04-88EB-625FBE52EBFB}</UniqueIdentifier>
      <Extensions>h;hh;hpp;hxx;hm;inl;inc;xsd</Extensions>
    </Filter>
    <Filter Include="Resource Files">
      <UniqueIdentifier>{67DA6AB6-F800-4c08-8B7A-83BB121AAD01}</UniqueIdentifier>
      <Extensions>rc;ico;cur;bmp;dlg;rc2;rct;bin;rgs;gif;jpg;jpeg;jpe;resx;tiff;tif;png;wav;mfcribbon-ms</Extensions>
    </Filter>
    <Filter Include="Header Files\Game">
      <UniqueIdentifier>{bf5bf06c-19f0-4cac-96af-ab9a8446bf31}</UniqueIdentifier>
    </Filter>
    <Filter Include="Header Files\Platform">
      <UniqueIdentifier>{1ca0a787-6f55-439d-b64b-a2c0671332f1}</UniqueIdentifier>
    </Filter>
    <Filter Include="Header Files\Image">
      <UniqueIdentifier>{8e03604b-f306-4176-8c8a-d29724b79418}</UniqueIdentifier>
    </Filter>
    <Filter Include="Source Files\Game">
      <UniqueIdentifier>{91e43c69-c7b4-43e7-9857-21ec1c294cca}</UniqueIdentifier>
    </Filter>
    <Filter Include="Source Files\Platform">
      <UniqueIdentifier>{4f3955e1-2e7c-4af4-abb6-934a492c9a75}</UniqueIdentifier>
    </Filter>
    <Filter Include="Source Files\Image">
      <UniqueIdentifier>{4e1bef2e-f5d7-40e4-8842-59be5d8059cd}</UniqueIdentifier>
    </Filter>
    <Filter Include="Header Files\File Format">
      <UniqueIdentifier>{6d37c502-5206-4fe1-8684-355566587a8a}</UniqueIdentifier>
    </Filter>
    <Filter Include="Header Files\File Format\DDS">
      <UniqueIdentifier>{55a48f68-0272-4733-a9cf-82efd3b22d78}</UniqueIdentifier>
    </Filter>
    <Filter Include="Header Files\File Format\BMP">
      <UniqueIdentifier>{7b1b2078-479e-4ef7-84df-c2a565f3ff13}</UniqueIdentifier>
    </Filter>
    <Filter Include="Source Files\File Format">
      <UniqueIdentifier>{58e4c9cb-058c-4ffa-b6dd-876a7a897be7}</UniqueIdentifier>
    </Filter>
    <Filter Include="Source Files\File Format\BMP">
      <UniqueIdentifier>{a1315844-cc9e-44f9-b998-c9a4a26d8d20}</UniqueIdentifier>
    </Filter>
    <Filter Include="Source Files\File Format\DDS">
      <UniqueIdentifier>{48cf9cf3-635c-444f-af94-6a36681e2f4a}</UniqueIdentifier>
    </Filter>
    <Filter Include="Header Files\File Format\CUR">
      <UniqueIdentifier>{e7e23039-487d-4530-96ce-1bdf57cfe0b5}</UniqueIdentifier>
    </Filter>
    <Filter Include="Header Files\File Format\ICO">
      <UniqueIdentifier>{c1bda2ef-3af1-4c11-ac50-a3d59d81826d}</UniqueIdentifier>
    </Filter>
    <Filter Include="Source Files\File Format\CUR">
      <UniqueIdentifier>{2fe0a276-cd9c-4c52-98fb-19dad12ead0a}</UniqueIdentifier>
    </Filter>
    <Filter Include="Source Files\File Format\ICO">
      <UniqueIdentifier>{6d3e17e2-396a-465b-983b-4f3058e4b7ca}</UniqueIdentifier>
    </Filter>
    <Filter Include="Header Files\GUI">
      <UniqueIdentifier>{5e72218f-ae6a-49f9-841a-30aecf9a0a8f}</UniqueIdentifier>
    </Filter>
    <Filter Include="Source Files\GUI">
      <UniqueIdentifier>{26ffa4f1-c749-46bb-96db-c17fe039243d}</UniqueIdentifier>
    </Filter>
    <Filter Include="Source Files\GUI\Control">
      <UniqueIdentifier>{358f6f45-df96-4970-9b08-66721886a568}</UniqueIdentifier>
    </Filter>
    <Filter Include="Source Files\GUI\Controls">
      <UniqueIdentifier>{4b03550f-4c7a-4c7d-9a32-888fb6f71dfa}</UniqueIdentifier>
    </Filter>
    <Filter Include="Source Files\GUI\Window">
      <UniqueIdentifier>{e018a109-b6a9-4ab9-92a4-8c6d9cc42fe5}</UniqueIdentifier>
    </Filter>
    <Filter Include="Header Files\GUI\Control">
      <UniqueIdentifier>{0bf7f9da-5891-4397-9d3c-4d61f1dcbc2f}</UniqueIdentifier>
    </Filter>
    <Filter Include="Header Files\GUI\Controls">
      <UniqueIdentifier>{e457ab54-76cc-4d53-86cf-a6915abeca99}</UniqueIdentifier>
    </Filter>
    <Filter Include="Header Files\GUI\Window">
      <UniqueIdentifier>{3a3fd0cf-daaa-4d82-af6f-0c359f7735f7}</UniqueIdentifier>
    </Filter>
    <Filter Include="Header Files\GUI\Controls\Components">
      <UniqueIdentifier>{4274bd65-dfc6-445c-9023-3998ace5aeab}</UniqueIdentifier>
    </Filter>
    <Filter Include="Header Files\GUI\Controls\Entries">
      <UniqueIdentifier>{bfb4c94c-ecba-4170-ad5c-729a402fe965}</UniqueIdentifier>
    </Filter>
    <Filter Include="Source Files\GUI\Controls\Components">
      <UniqueIdentifier>{48d2a535-3d41-446c-bc6e-c7b64e9759dc}</UniqueIdentifier>
    </Filter>
    <Filter Include="Source Files\GUI\Controls\Entries">
      <UniqueIdentifier>{d9052526-fbaa-4ad8-8e89-96c004f7d6bb}</UniqueIdentifier>
    </Filter>
    <Filter Include="Header Files\GUI\Group">
      <UniqueIdentifier>{7cbd133d-9e25-4206-b360-91ba32ed4f6d}</UniqueIdentifier>
    </Filter>
    <Filter Include="Source Files\GUI\Group">
      <UniqueIdentifier>{f404eb15-8c07-4186-931f-37d3ba4e55cb}</UniqueIdentifier>
    </Filter>
    <Filter Include="Header Files\GUI\GraphicsLibrary">
      <UniqueIdentifier>{de3ce410-101f-41b3-b4f5-4dd667e345e2}</UniqueIdentifier>
    </Filter>
    <Filter Include="Source Files\GUI\GraphicsLibrary">
      <UniqueIdentifier>{571569a6-7ed0-444d-9cfc-747a19952ffd}</UniqueIdentifier>
    </Filter>
    <Filter Include="Header Files\GUI\GraphicsLibraries">
      <UniqueIdentifier>{9eddbf53-f463-492f-a351-09a38d03ccff}</UniqueIdentifier>
    </Filter>
    <Filter Include="Source Files\GUI\GraphicsLibraries">
      <UniqueIdentifier>{ae1078f8-f1d0-4f0f-95a9-ecae3c84b994}</UniqueIdentifier>
    </Filter>
    <Filter Include="Source Files\GUI\Styles">
      <UniqueIdentifier>{b91767fb-ef47-4ec2-86fc-7609ba55693a}</UniqueIdentifier>
    </Filter>
    <Filter Include="Header Files\GUI\Styles">
      <UniqueIdentifier>{46fcc75c-c84e-40dd-8fea-7dccd47daff9}</UniqueIdentifier>
    </Filter>
    <Filter Include="Header Files\GUI\Shape">
      <UniqueIdentifier>{d69be05c-55c1-4337-b3f6-3cc9b7f4512b}</UniqueIdentifier>
    </Filter>
    <Filter Include="Source Files\GUI\Shape">
      <UniqueIdentifier>{c3c1bd62-b962-4eef-a843-94ed6926f30a}</UniqueIdentifier>
    </Filter>
    <Filter Include="Header Files\GUI\Shapes">
      <UniqueIdentifier>{caf055cf-1273-431c-becc-fc54302b610f}</UniqueIdentifier>
    </Filter>
    <Filter Include="Source Files\GUI\Shapes">
      <UniqueIdentifier>{e8690b33-0580-43e6-a084-25afd9f8d1fa}</UniqueIdentifier>
    </Filter>
    <Filter Include="Header Files\GUI\Shapes\Geometries">
      <UniqueIdentifier>{c08fa2d6-3920-4e58-9b86-116f12b5b9ba}</UniqueIdentifier>
    </Filter>
    <Filter Include="Header Files\GUI\Shape\Geometry">
      <UniqueIdentifier>{a5f33396-d337-41ee-94e6-2183fe4ab4fa}</UniqueIdentifier>
    </Filter>
    <Filter Include="Source Files\GUI\Shapes\Geometries">
      <UniqueIdentifier>{15aa698a-1025-402f-8f25-1fcd6e7538df}</UniqueIdentifier>
    </Filter>
  </ItemGroup>
  <ItemGroup>
    <ClCompile Include="..\..\..\Code\General\Image\CRasterDataFormatManager.cpp">
      <Filter>Source Files\Image</Filter>
    </ClCompile>
    <ClCompile Include="..\..\..\Code\General\Image\CImageFile.cpp">
      <Filter>Source Files\Image</Filter>
    </ClCompile>
    <ClCompile Include="..\..\..\Code\General\Image\CImageManager.cpp">
      <Filter>Source Files\Image</Filter>
    </ClCompile>
    <ClCompile Include="..\..\..\Code\General\Image\CRasterDataFormat.cpp">
      <Filter>Source Files\Image</Filter>
    </ClCompile>
    <ClCompile Include="..\..\..\Code\General\Platform\CPlatformManager.cpp">
      <Filter>Source Files\Platform</Filter>
    </ClCompile>
    <ClCompile Include="..\..\..\Code\General\Game\CGameManager.cpp">
      <Filter>Source Files\Game</Filter>
    </ClCompile>
    <ClCompile Include="..\..\..\Code\General\File Format\BMP\CBMPManager.cpp">
      <Filter>Source Files\File Format\BMP</Filter>
    </ClCompile>
    <ClCompile Include="..\..\..\Code\General\File Format\DDS\CDDSFormat.cpp">
      <Filter>Source Files\File Format\DDS</Filter>
    </ClCompile>
    <ClCompile Include="..\..\..\Code\General\File Format\BMP\CBMPFormat.cpp">
      <Filter>Source Files\File Format\BMP</Filter>
    </ClCompile>
    <ClCompile Include="..\..\..\Code\General\File Format\DDS\CDDSManager.cpp">
      <Filter>Source Files\File Format\DDS</Filter>
    </ClCompile>
    <ClCompile Include="..\..\..\Code\General\File Format\CUR\CCURFormat.cpp">
      <Filter>Source Files\File Format\CUR</Filter>
    </ClCompile>
    <ClCompile Include="..\..\..\Code\General\File Format\CUR\CCURManager.cpp">
      <Filter>Source Files\File Format\CUR</Filter>
    </ClCompile>
    <ClCompile Include="..\..\..\Code\General\File Format\ICO\CICOFormat.cpp">
      <Filter>Source Files\File Format\ICO</Filter>
    </ClCompile>
    <ClCompile Include="..\..\..\Code\General\File Format\ICO\CICOManager.cpp">
      <Filter>Source Files\File Format\ICO</Filter>
    </ClCompile>
    <ClCompile Include="..\..\..\Code\General\GUI\CGUIManager.cpp">
      <Filter>Source Files\GUI</Filter>
    </ClCompile>
    <ClCompile Include="..\..\..\Code\General\GUI\Window\CWindow.cpp">
      <Filter>Source Files\GUI\Window</Filter>
    </ClCompile>
    <ClCompile Include="..\..\..\Code\General\GUI\Group\CControlGroup.cpp">
      <Filter>Source Files\GUI\Group</Filter>
    </ClCompile>
    <ClCompile Include="..\..\..\Code\General\GUI\Controls\CTextControl.cpp">
      <Filter>Source Files\GUI\Controls</Filter>
    </ClCompile>
    <ClCompile Include="..\..\..\Code\General\GUI\Controls\CScrollControl.cpp">
      <Filter>Source Files\GUI\Controls</Filter>
    </ClCompile>
    <ClCompile Include="..\..\..\Code\General\GUI\Controls\CRadioControl.cpp">
      <Filter>Source Files\GUI\Controls</Filter>
    </ClCompile>
    <ClCompile Include="..\..\..\Code\General\GUI\Controls\CProgressControl.cpp">
      <Filter>Source Files\GUI\Controls</Filter>
    </ClCompile>
    <ClCompile Include="..\..\..\Code\General\GUI\Controls\CMenuControl.cpp">
      <Filter>Source Files\GUI\Controls</Filter>
    </ClCompile>
    <ClCompile Include="..\..\..\Code\General\GUI\Controls\CListControl.cpp">
      <Filter>Source Files\GUI\Controls</Filter>
    </ClCompile>
    <ClCompile Include="..\..\..\Code\General\GUI\Controls\CEditControl.cpp">
      <Filter>Source Files\GUI\Controls</Filter>
    </ClCompile>
    <ClCompile Include="..\..\..\Code\General\GUI\Controls\CDropControl.cpp">
      <Filter>Source Files\GUI\Controls</Filter>
    </ClCompile>
    <ClCompile Include="..\..\..\Code\General\GUI\Controls\CCheckControl.cpp">
      <Filter>Source Files\GUI\Controls</Filter>
    </ClCompile>
    <ClCompile Include="..\..\..\Code\General\GUI\Controls\CButtonControl.cpp">
      <Filter>Source Files\GUI\Controls</Filter>
    </ClCompile>
    <ClCompile Include="..\..\..\Code\General\GUI\Control\CGUIControl.cpp">
      <Filter>Source Files\GUI\Control</Filter>
    </ClCompile>
    <ClCompile Include="..\..\..\Code\General\GUI\GraphicsLibrary\CGraphicsLibrary.cpp">
      <Filter>Source Files\GUI\GraphicsLibrary</Filter>
    </ClCompile>
    <ClCompile Include="..\..\..\Code\General\GUI\GraphicsLibraries\CGraphicsLibrary_GDIPlus.cpp">
      <Filter>Source Files\GUI\GraphicsLibraries</Filter>
    </ClCompile>
    <ClCompile Include="..\..\..\Code\General\GUI\Styles\CGUIStyles.cpp">
      <Filter>Source Files\GUI\Styles</Filter>
    </ClCompile>
    <ClCompile Include="..\..\..\Code\General\GUI\Shape\CGUIShape.cpp">
      <Filter>Source Files\GUI\Shape</Filter>
    </ClCompile>
    <ClCompile Include="..\..\..\Code\General\GUI\Shapes\CLineShape.cpp">
      <Filter>Source Files\GUI\Shapes</Filter>
    </ClCompile>
    <ClCompile Include="..\..\..\Code\General\GUI\Shapes\CPolygonShape.cpp">
      <Filter>Source Files\GUI\Shapes</Filter>
    </ClCompile>
    <ClCompile Include="..\..\..\Code\General\GUI\Shapes\CRectangleShape.cpp">
      <Filter>Source Files\GUI\Shapes</Filter>
    </ClCompile>
    <ClCompile Include="..\..\..\Code\General\GUI\Shapes\CSquareShape.cpp">
      <Filter>Source Files\GUI\Shapes</Filter>
    </ClCompile>
    <ClCompile Include="..\..\..\Code\General\GUI\Shapes\CTriangleShape.cpp">
      <Filter>Source Files\GUI\Shapes</Filter>
    </ClCompile>
    <ClCompile Include="..\..\..\Code\General\GUI\Shapes\CCircleShape.cpp">
      <Filter>Source Files\GUI\Shapes</Filter>
    </ClCompile>
    <ClCompile Include="..\..\..\Code\General\GUI\Shapes\CEllipseShape.cpp">
      <Filter>Source Files\GUI\Shapes</Filter>
    </ClCompile>
    <ClCompile Include="..\..\..\Code\General\GUI\Shapes\Geometries\CGUIShapeGeometry_3xPoint.cpp">
      <Filter>Source Files\GUI\Shapes\Geometries</Filter>
    </ClCompile>
    <ClCompile Include="..\..\..\Code\General\GUI\Shapes\Geometries\CGUIShapeGeometry_NxPoint.cpp">
      <Filter>Source Files\GUI\Shapes\Geometries</Filter>
    </ClCompile>
    <ClCompile Include="..\..\..\Code\General\GUI\Shapes\Geometries\CGUIShapeGeometry_1xPoint_1x1DSize.cpp">
      <Filter>Source Files\GUI\Shapes\Geometries</Filter>
    </ClCompile>
    <ClCompile Include="..\..\..\Code\General\GUI\Shapes\Geometries\CGUIShapeGeometry_1xPoint_1x2DSize.cpp">
      <Filter>Source Files\GUI\Shapes\Geometries</Filter>
    </ClCompile>
    <ClCompile Include="..\..\..\Code\General\GUI\Shapes\Geometries\CGUIShapeGeometry_2xPoint.cpp">
      <Filter>Source Files\GUI\Shapes\Geometries</Filter>
    </ClCompile>
    <ClCompile Include="..\..\..\Code\General\GUI\Styles\CGUIStyleableEntity.cpp">
      <Filter>Source Files\GUI\Styles</Filter>
    </ClCompile>
  </ItemGroup>
  <ItemGroup>
    <ClInclude Include="..\..\..\Code\General\Image\CImageFile.h">
      <Filter>Header Files\Image</Filter>
    </ClInclude>
    <ClInclude Include="..\..\..\Code\General\Image\CImageManager.h">
      <Filter>Header Files\Image</Filter>
    </ClInclude>
    <ClInclude Include="..\..\..\Code\General\Image\CRasterDataFormat.h">
      <Filter>Header Files\Image</Filter>
    </ClInclude>
    <ClInclude Include="..\..\..\Code\General\Image\CRasterDataFormatManager.h">
      <Filter>Header Files\Image</Filter>
    </ClInclude>
    <ClInclude Include="..\..\..\Code\General\eFileStatus.h">
      <Filter>Header Files</Filter>
    </ClInclude>
    <ClInclude Include="..\..\..\Code\General\Platform\CPlatform.h">
      <Filter>Header Files\Platform</Filter>
    </ClInclude>
    <ClInclude Include="..\..\..\Code\General\Platform\CPlatformManager.h">
      <Filter>Header Files\Platform</Filter>
    </ClInclude>
    <ClInclude Include="..\..\..\Code\General\Platform\ePlatform.h">
      <Filter>Header Files\Platform</Filter>
    </ClInclude>
    <ClInclude Include="..\..\..\Code\General\Game\CGame.h">
      <Filter>Header Files\Game</Filter>
    </ClInclude>
    <ClInclude Include="..\..\..\Code\General\Game\CGameManager.h">
      <Filter>Header Files\Game</Filter>
    </ClInclude>
    <ClInclude Include="..\..\..\Code\General\Game\eGame.h">
      <Filter>Header Files\Game</Filter>
    </ClInclude>
    <ClInclude Include="..\..\..\Code\General\Game\ePlatformedGame.h">
      <Filter>Header Files\Game</Filter>
    </ClInclude>
    <ClInclude Include="..\..\..\Code\General\File Format\BMP\CBMPManager.h">
      <Filter>Header Files\File Format\BMP</Filter>
    </ClInclude>
    <ClInclude Include="..\..\..\Code\General\File Format\DDS\CDDSFormat.h">
      <Filter>Header Files\File Format\DDS</Filter>
    </ClInclude>
    <ClInclude Include="..\..\..\Code\General\File Format\BMP\CBMPFormat.h">
      <Filter>Header Files\File Format\BMP</Filter>
    </ClInclude>
    <ClInclude Include="..\..\..\Code\General\File Format\BMP\CBMPFormat_Header1.h">
      <Filter>Header Files\File Format\BMP</Filter>
    </ClInclude>
    <ClInclude Include="..\..\..\Code\General\File Format\DDS\CDDSFormat_Header_DDS_HEADER_DXT10.h">
      <Filter>Header Files\File Format\DDS</Filter>
    </ClInclude>
    <ClInclude Include="..\..\..\Code\General\File Format\DDS\CDDSFormat_Header_DDS_HEADER.h">
      <Filter>Header Files\File Format\DDS</Filter>
    </ClInclude>
    <ClInclude Include="..\..\..\Code\General\File Format\DDS\CDDSFormat_Header_DDS_PIXELFORMAT_Part1.h">
      <Filter>Header Files\File Format\DDS</Filter>
    </ClInclude>
    <ClInclude Include="..\..\..\Code\General\File Format\DDS\CDDSFormat_Header_DDS_PIXELFORMAT_Part2.h">
      <Filter>Header Files\File Format\DDS</Filter>
    </ClInclude>
    <ClInclude Include="..\..\..\Code\General\Game\eGameFlag.h">
      <Filter>Header Files\Game</Filter>
    </ClInclude>
    <ClInclude Include="..\..\..\Code\General\File Format\BMP\CBMPFormat_Header2_Version2.h">
      <Filter>Header Files\File Format\BMP</Filter>
    </ClInclude>
    <ClInclude Include="..\..\..\Code\General\File Format\BMP\CBMPFormat_Header2_Version3.h">
      <Filter>Header Files\File Format\BMP</Filter>
    </ClInclude>
    <ClInclude Include="..\..\..\Code\General\File Format\BMP\CBMPFormat_Header2_Version4.h">
      <Filter>Header Files\File Format\BMP</Filter>
    </ClInclude>
    <ClInclude Include="..\..\..\Code\General\File Format\DDS\CDDSManager.h">
      <Filter>Header Files\File Format\DDS</Filter>
    </ClInclude>
    <ClInclude Include="..\..\..\Code\General\eCompressionAlgorithm.h">
      <Filter>Header Files</Filter>
    </ClInclude>
    <ClInclude Include="..\..\..\Code\General\File Format\CUR\CCURFormat.h">
      <Filter>Header Files\File Format\CUR</Filter>
    </ClInclude>
    <ClInclude Include="..\..\..\Code\General\File Format\CUR\CCURManager.h">
      <Filter>Header Files\File Format\CUR</Filter>
    </ClInclude>
    <ClInclude Include="..\..\..\Code\General\File Format\ICO\CICOFormat.h">
      <Filter>Header Files\File Format\ICO</Filter>
    </ClInclude>
    <ClInclude Include="..\..\..\Code\General\File Format\ICO\CICOManager.h">
      <Filter>Header Files\File Format\ICO</Filter>
    </ClInclude>
    <ClInclude Include="..\..\..\Code\General\GUI\CGUIManager.h">
      <Filter>Header Files\GUI</Filter>
    </ClInclude>
    <ClInclude Include="..\..\..\Code\General\GUI\Window\CWindow.h">
      <Filter>Header Files\GUI\Window</Filter>
    </ClInclude>
    <ClInclude Include="..\..\..\Code\General\GUI\Group\CControlGroup.h">
      <Filter>Header Files\GUI\Group</Filter>
    </ClInclude>
    <ClInclude Include="..\..\..\Code\General\GUI\Controls\CButtonControl.h">
      <Filter>Header Files\GUI\Controls</Filter>
    </ClInclude>
    <ClInclude Include="..\..\..\Code\General\GUI\Controls\CCheckControl.h">
      <Filter>Header Files\GUI\Controls</Filter>
    </ClInclude>
    <ClInclude Include="..\..\..\Code\General\GUI\Controls\CDropControl.h">
      <Filter>Header Files\GUI\Controls</Filter>
    </ClInclude>
    <ClInclude Include="..\..\..\Code\General\GUI\Controls\CEditControl.h">
      <Filter>Header Files\GUI\Controls</Filter>
    </ClInclude>
    <ClInclude Include="..\..\..\Code\General\GUI\Controls\CTextControl.h">
      <Filter>Header Files\GUI\Controls</Filter>
    </ClInclude>
    <ClInclude Include="..\..\..\Code\General\GUI\Controls\CScrollControl.h">
      <Filter>Header Files\GUI\Controls</Filter>
    </ClInclude>
    <ClInclude Include="..\..\..\Code\General\GUI\Controls\CRadioControl.h">
      <Filter>Header Files\GUI\Controls</Filter>
    </ClInclude>
    <ClInclude Include="..\..\..\Code\General\GUI\Controls\CProgressControl.h">
      <Filter>Header Files\GUI\Controls</Filter>
    </ClInclude>
    <ClInclude Include="..\..\..\Code\General\GUI\Controls\CMenuControl.h">
      <Filter>Header Files\GUI\Controls</Filter>
    </ClInclude>
    <ClInclude Include="..\..\..\Code\General\GUI\Controls\CListControl.h">
      <Filter>Header Files\GUI\Controls</Filter>
    </ClInclude>
    <ClInclude Include="..\..\..\Code\General\GUI\Control\CGUIControl.h">
      <Filter>Header Files\GUI\Control</Filter>
    </ClInclude>
    <ClInclude Include="..\..\..\Code\General\GUI\Controls\Components\CGUIControlComponent_Text.h">
      <Filter>Header Files\GUI\Controls\Components</Filter>
    </ClInclude>
    <ClInclude Include="..\..\..\Code\General\GUI\Controls\Entries\CDropControlEntry.h">
      <Filter>Header Files\GUI\Controls\Entries</Filter>
    </ClInclude>
    <ClInclude Include="..\..\..\Code\General\GUI\Controls\Entries\CListControlEntry.h">
      <Filter>Header Files\GUI\Controls\Entries</Filter>
    </ClInclude>
    <ClInclude Include="..\..\..\Code\General\GUI\Controls\Entries\CMenuControlEntry.h">
      <Filter>Header Files\GUI\Controls\Entries</Filter>
    </ClInclude>
    <ClInclude Include="..\..\..\Code\General\GUI\Control\e2DMirroredOrientation.h">
      <Filter>Header Files\GUI\Control</Filter>
    </ClInclude>
    <ClInclude Include="..\..\..\Code\General\GUI\Control\eGUIControl.h">
      <Filter>Header Files\GUI\Control</Filter>
    </ClInclude>
    <ClInclude Include="..\..\..\Code\General\GUI\Control\CGUIScrollPool.h">
      <Filter>Header Files\GUI\Control</Filter>
    </ClInclude>
    <ClInclude Include="..\..\..\Code\General\GUI\GraphicsLibrary\CGraphicsLibrary.h">
      <Filter>Header Files\GUI\GraphicsLibrary</Filter>
    </ClInclude>
    <ClInclude Include="..\..\..\Code\General\GUI\GraphicsLibraries\CGraphicsLibrary_GDIPlus.h">
      <Filter>Header Files\GUI\GraphicsLibraries</Filter>
    </ClInclude>
    <ClInclude Include="..\..\..\Code\General\GUI\Styles\CGUIStyles.h">
      <Filter>Header Files\GUI\Styles</Filter>
    </ClInclude>
    <ClInclude Include="..\..\..\Code\General\GUI\Styles\eGUIStyles.h">
      <Filter>Header Files\GUI\Styles</Filter>
    </ClInclude>
    <ClInclude Include="..\..\..\Code\General\GUI\Shape\CGUIShape.h">
      <Filter>Header Files\GUI\Shape</Filter>
    </ClInclude>
    <ClInclude Include="..\..\..\Code\General\GUI\Shape\eGUIShape.h">
      <Filter>Header Files\GUI\Shape</Filter>
    </ClInclude>
    <ClInclude Include="..\..\..\Code\General\GUI\Shapes\CLineShape.h">
      <Filter>Header Files\GUI\Shapes</Filter>
    </ClInclude>
    <ClInclude Include="..\..\..\Code\General\GUI\Shapes\CPolygonShape.h">
      <Filter>Header Files\GUI\Shapes</Filter>
    </ClInclude>
    <ClInclude Include="..\..\..\Code\General\GUI\Shapes\CRectangleShape.h">
      <Filter>Header Files\GUI\Shapes</Filter>
    </ClInclude>
    <ClInclude Include="..\..\..\Code\General\GUI\Shapes\CSquareShape.h">
      <Filter>Header Files\GUI\Shapes</Filter>
    </ClInclude>
    <ClInclude Include="..\..\..\Code\General\GUI\Shapes\CTriangleShape.h">
      <Filter>Header Files\GUI\Shapes</Filter>
    </ClInclude>
    <ClInclude Include="..\..\..\Code\General\GUI\Shapes\CEllipseShape.h">
      <Filter>Header Files\GUI\Shapes</Filter>
    </ClInclude>
    <ClInclude Include="..\..\..\Code\General\GUI\Shapes\CCircleShape.h">
      <Filter>Header Files\GUI\Shapes</Filter>
    </ClInclude>
    <ClInclude Include="..\..\..\Code\General\GUI\Shapes\Geometries\CGUIShapeGeometry_3xPoint.h">
      <Filter>Header Files\GUI\Shapes\Geometries</Filter>
    </ClInclude>
    <ClInclude Include="..\..\..\Code\General\GUI\Shapes\Geometries\CGUIShapeGeometry_NxPoint.h">
      <Filter>Header Files\GUI\Shapes\Geometries</Filter>
    </ClInclude>
    <ClInclude Include="..\..\..\Code\General\GUI\Shapes\Geometries\CGUIShapeGeometry_1xPoint_1x1DSize.h">
      <Filter>Header Files\GUI\Shapes\Geometries</Filter>
    </ClInclude>
    <ClInclude Include="..\..\..\Code\General\GUI\Shapes\Geometries\CGUIShapeGeometry_1xPoint_1x2DSize.h">
      <Filter>Header Files\GUI\Shapes\Geometries</Filter>
    </ClInclude>
    <ClInclude Include="..\..\..\Code\General\GUI\Shapes\Geometries\CGUIShapeGeometry_2xPoint.h">
      <Filter>Header Files\GUI\Shapes\Geometries</Filter>
    </ClInclude>
    <ClInclude Include="..\..\..\Code\General\GUI\Shape\Geometry\eGUIShapeGeometry.h">
      <Filter>Header Files\GUI\Shape\Geometry</Filter>
    </ClInclude>
    <ClInclude Include="..\..\..\Code\General\GUI\Styles\CGUIStyleableEntity.h">
      <Filter>Header Files\GUI\Styles</Filter>
    </ClInclude>
  </ItemGroup>
</Project>